// !$*UTF8*$!
{
	archiveVersion = 1;
	classes = {
	};
	objectVersion = 50;
	objects = {

/* Begin PBXBuildFile section */
		2611E1274A8A32DEAB526A5F /* Pods_hncloudTests.framework in Frameworks */ = {isa = PBXBuildFile; fileRef = EDD6C5804E0659E8E99BB9C8 /* Pods_hncloudTests.framework */; };
		9D11BF3A21E1C9CA0081A1C1 /* SetRemindCell.xib in Resources */ = {isa = PBXBuildFile; fileRef = 9D11BF3921E1C9CA0081A1C1 /* SetRemindCell.xib */; };
		9D11BF3C21E1C9E60081A1C1 /* SetRemindCell.swift in Sources */ = {isa = PBXBuildFile; fileRef = 9D11BF3B21E1C9E60081A1C1 /* SetRemindCell.swift */; };
		9D11BF3E21E1CC810081A1C1 /* ClockViewController.swift in Sources */ = {isa = PBXBuildFile; fileRef = 9D11BF3D21E1CC810081A1C1 /* ClockViewController.swift */; };
		9D11BF4021E1CD0A0081A1C1 /* ClockTypeViewController.swift in Sources */ = {isa = PBXBuildFile; fileRef = 9D11BF3F21E1CD0A0081A1C1 /* ClockTypeViewController.swift */; };
		9D1F88F621D10EBD0033721E /* StartViewController.swift in Sources */ = {isa = PBXBuildFile; fileRef = 9D1F88F521D10EBD0033721E /* StartViewController.swift */; };
		9D1F88F821D116880033721E /* DeviceListViewController.swift in Sources */ = {isa = PBXBuildFile; fileRef = 9D1F88F721D116880033721E /* DeviceListViewController.swift */; };
		9D1F88FB21D116F60033721E /* UIViewControllerExtension.swift in Sources */ = {isa = PBXBuildFile; fileRef = 9D1F88FA21D116F60033721E /* UIViewControllerExtension.swift */; };
		9D1F88FD21D11E1B0033721E /* UIImageExtension.swift in Sources */ = {isa = PBXBuildFile; fileRef = 9D1F88FC21D11E1B0033721E /* UIImageExtension.swift */; };
		9D1F890021D13FAE0033721E /* AppDelegate+Basic.swift in Sources */ = {isa = PBXBuildFile; fileRef = 9D1F88FF21D13FAE0033721E /* AppDelegate+Basic.swift */; };
		9D1F890321D14AFE0033721E /* LoginViewController.swift in Sources */ = {isa = PBXBuildFile; fileRef = 9D1F890221D14AFE0033721E /* LoginViewController.swift */; };
		9D1F890521D14B440033721E /* Login.storyboard in Resources */ = {isa = PBXBuildFile; fileRef = 9D1F890421D14B440033721E /* Login.storyboard */; };
		9D1F890721D14BDE0033721E /* LoginMenuViewController.swift in Sources */ = {isa = PBXBuildFile; fileRef = 9D1F890621D14BDE0033721E /* LoginMenuViewController.swift */; };
		9D1F890921D1575E0033721E /* FoundPasswordViewController.swift in Sources */ = {isa = PBXBuildFile; fileRef = 9D1F890821D1575E0033721E /* FoundPasswordViewController.swift */; };
		9D1F890B21D157B70033721E /* RegisterViewController.swift in Sources */ = {isa = PBXBuildFile; fileRef = 9D1F890A21D157B70033721E /* RegisterViewController.swift */; };
		9D2226A621E120BD0087B66A /* SleepMarkerView.xib in Resources */ = {isa = PBXBuildFile; fileRef = 9D2226A521E120BD0087B66A /* SleepMarkerView.xib */; };
		9D2226A821E120CD0087B66A /* SleepMarkerView.swift in Sources */ = {isa = PBXBuildFile; fileRef = 9D2226A721E120CD0087B66A /* SleepMarkerView.swift */; };
		9D2226AA21E12D060087B66A /* SettingCell.xib in Resources */ = {isa = PBXBuildFile; fileRef = 9D2226A921E12D060087B66A /* SettingCell.xib */; };
		9D2226AC21E12FEA0087B66A /* SettingCell.swift in Sources */ = {isa = PBXBuildFile; fileRef = 9D2226AB21E12FEA0087B66A /* SettingCell.swift */; };
		9D297A1321D4AAC600E34260 /* ArrayExtension.swift in Sources */ = {isa = PBXBuildFile; fileRef = 9D297A1221D4AAC600E34260 /* ArrayExtension.swift */; };
		9D297A1521D4AF4E00E34260 /* DS-DIGIB.TTF in Resources */ = {isa = PBXBuildFile; fileRef = 9D297A1421D4AF4E00E34260 /* DS-DIGIB.TTF */; };
		9D2B806721D7B39600F63685 /* SportCell.swift in Sources */ = {isa = PBXBuildFile; fileRef = 9D2B806621D7B39600F63685 /* SportCell.swift */; };
		9D5F394621DE4A030089C423 /* SwitchCell.xib in Resources */ = {isa = PBXBuildFile; fileRef = 9D5F394521DE4A030089C423 /* SwitchCell.xib */; };
		9D5F394821DE4B5D0089C423 /* SwitchCell.swift in Sources */ = {isa = PBXBuildFile; fileRef = 9D5F394721DE4B5D0089C423 /* SwitchCell.swift */; };
		9D5F394E21DE755A0089C423 /* CameraController.swift in Sources */ = {isa = PBXBuildFile; fileRef = 9D5F394D21DE755A0089C423 /* CameraController.swift */; };
		9D5F395021DE831E0089C423 /* CalendarViewController.swift in Sources */ = {isa = PBXBuildFile; fileRef = 9D5F394F21DE831E0089C423 /* CalendarViewController.swift */; };
		9D5F395F21DE8E080089C423 /* RPagingViewController.swift in Sources */ = {isa = PBXBuildFile; fileRef = 9D5F395221DE8E070089C423 /* RPagingViewController.swift */; };
		9D5F396021DE8E080089C423 /* PagingProtocal.swift in Sources */ = {isa = PBXBuildFile; fileRef = 9D5F395321DE8E070089C423 /* PagingProtocal.swift */; };
		9D5F396121DE8E080089C423 /* RSegmentCell.xib in Resources */ = {isa = PBXBuildFile; fileRef = 9D5F395521DE8E070089C423 /* RSegmentCell.xib */; };
		9D5F396221DE8E080089C423 /* RSegmentOption.swift in Sources */ = {isa = PBXBuildFile; fileRef = 9D5F395621DE8E070089C423 /* RSegmentOption.swift */; };
		9D5F396321DE8E080089C423 /* RSegmentCell.swift in Sources */ = {isa = PBXBuildFile; fileRef = 9D5F395721DE8E070089C423 /* RSegmentCell.swift */; };
		9D5F396421DE8E080089C423 /* RSegment.swift in Sources */ = {isa = PBXBuildFile; fileRef = 9D5F395821DE8E070089C423 /* RSegment.swift */; };
		9D5F396521DE8E080089C423 /* RSegmentProtocol.swift in Sources */ = {isa = PBXBuildFile; fileRef = 9D5F395921DE8E070089C423 /* RSegmentProtocol.swift */; };
		9D5F396621DE8E080089C423 /* RPluginHeaderScroll.swift in Sources */ = {isa = PBXBuildFile; fileRef = 9D5F395B21DE8E070089C423 /* RPluginHeaderScroll.swift */; };
		9D5F396721DE8E080089C423 /* RPluginTabBar.swift in Sources */ = {isa = PBXBuildFile; fileRef = 9D5F395C21DE8E070089C423 /* RPluginTabBar.swift */; };
		9D5F396821DE8E080089C423 /* PagingExtension.swift in Sources */ = {isa = PBXBuildFile; fileRef = 9D5F395D21DE8E070089C423 /* PagingExtension.swift */; };
		9D5F396921DE8E080089C423 /* RPagingViewControllerPlugin.swift in Sources */ = {isa = PBXBuildFile; fileRef = 9D5F395E21DE8E070089C423 /* RPagingViewControllerPlugin.swift */; };
		9D5F396B21DE8E2E0089C423 /* CurveViewController.swift in Sources */ = {isa = PBXBuildFile; fileRef = 9D5F396A21DE8E2E0089C423 /* CurveViewController.swift */; };
		9D5F396D21DE8EBD0089C423 /* CurveChildViewController.swift in Sources */ = {isa = PBXBuildFile; fileRef = 9D5F396C21DE8EBD0089C423 /* CurveChildViewController.swift */; };
		9D616CAB21DA7C3D00BB1C26 /* ModifyPasswordViewController.swift in Sources */ = {isa = PBXBuildFile; fileRef = 9D616CAA21DA7C3D00BB1C26 /* ModifyPasswordViewController.swift */; };
		9D6318A921E19A930073C1BD /* HeartCell.xib in Resources */ = {isa = PBXBuildFile; fileRef = 9D6318A821E19A930073C1BD /* HeartCell.xib */; };
		9D6318AB21E19AB40073C1BD /* HeartCell.swift in Sources */ = {isa = PBXBuildFile; fileRef = 9D6318AA21E19AB40073C1BD /* HeartCell.swift */; };
		9D6318AD21E1A9A20073C1BD /* FrequencyViewController.swift in Sources */ = {isa = PBXBuildFile; fileRef = 9D6318AC21E1A9A20073C1BD /* FrequencyViewController.swift */; };
		9D6318AF21E1B2C20073C1BD /* PhoneCell.xib in Resources */ = {isa = PBXBuildFile; fileRef = 9D6318AE21E1B2C20073C1BD /* PhoneCell.xib */; };
		9D6318B121E1B2D30073C1BD /* PhoneCell.swift in Sources */ = {isa = PBXBuildFile; fileRef = 9D6318B021E1B2D30073C1BD /* PhoneCell.swift */; };
		9D6318B321E1B47D0073C1BD /* MessageCell.xib in Resources */ = {isa = PBXBuildFile; fileRef = 9D6318B221E1B47D0073C1BD /* MessageCell.xib */; };
		9D6318B521E1B4B70073C1BD /* MessageCell.swift in Sources */ = {isa = PBXBuildFile; fileRef = 9D6318B421E1B4B70073C1BD /* MessageCell.swift */; };
		9D651FC121D9ADB500C47536 /* SportRecordViewController.swift in Sources */ = {isa = PBXBuildFile; fileRef = 9D651FC021D9ADB500C47536 /* SportRecordViewController.swift */; };
		9D694E6321DD142B004D66DC /* CustomSlider.swift in Sources */ = {isa = PBXBuildFile; fileRef = 9D694E6221DD142B004D66DC /* CustomSlider.swift */; };
		9D694E6521DD2E21004D66DC /* TargetViewController.swift in Sources */ = {isa = PBXBuildFile; fileRef = 9D694E6421DD2E21004D66DC /* TargetViewController.swift */; };
		9D6E271321D1072B00F22ABD /* AppDelegate.swift in Sources */ = {isa = PBXBuildFile; fileRef = 9D6E271221D1072B00F22ABD /* AppDelegate.swift */; };
		9D6E271821D1072B00F22ABD /* Main.storyboard in Resources */ = {isa = PBXBuildFile; fileRef = 9D6E271621D1072B00F22ABD /* Main.storyboard */; };
		9D6E271A21D1072C00F22ABD /* Assets.xcassets in Resources */ = {isa = PBXBuildFile; fileRef = 9D6E271921D1072C00F22ABD /* Assets.xcassets */; };
		9D6E271D21D1072C00F22ABD /* LaunchScreen.storyboard in Resources */ = {isa = PBXBuildFile; fileRef = 9D6E271B21D1072C00F22ABD /* LaunchScreen.storyboard */; };
		9D6E272821D1072C00F22ABD /* hncloudTests.swift in Sources */ = {isa = PBXBuildFile; fileRef = 9D6E272721D1072C00F22ABD /* hncloudTests.swift */; };
		9D6E273321D1072D00F22ABD /* hncloudUITests.swift in Sources */ = {isa = PBXBuildFile; fileRef = 9D6E273221D1072D00F22ABD /* hncloudUITests.swift */; };
		9D7D474221DF9DB900613C05 /* SearchMedicineViewController.swift in Sources */ = {isa = PBXBuildFile; fileRef = 9D7D474121DF9DB900613C05 /* SearchMedicineViewController.swift */; };
		9D7D474421DFA17200613C05 /* MedicineCellCell.swift in Sources */ = {isa = PBXBuildFile; fileRef = 9D7D474321DFA17200613C05 /* MedicineCellCell.swift */; };
		9D80783021E0B8E2007CF885 /* MarkerView.swift in Sources */ = {isa = PBXBuildFile; fileRef = 9D80782F21E0B8E2007CF885 /* MarkerView.swift */; };
		9D80783221E0E729007CF885 /* StepsMarkerView.xib in Resources */ = {isa = PBXBuildFile; fileRef = 9D80783121E0E729007CF885 /* StepsMarkerView.xib */; };
		9D80783421E0E7C3007CF885 /* StepsMarkerView.swift in Sources */ = {isa = PBXBuildFile; fileRef = 9D80783321E0E7C3007CF885 /* StepsMarkerView.swift */; };
		9D86988021D64AEC00892773 /* WalkViewController.swift in Sources */ = {isa = PBXBuildFile; fileRef = 9D86987F21D64AEC00892773 /* WalkViewController.swift */; };
		9D86988221D64AFD00892773 /* SportViewController.swift in Sources */ = {isa = PBXBuildFile; fileRef = 9D86988121D64AFD00892773 /* SportViewController.swift */; };
		9D86988421D64B0700892773 /* SleepViewController.swift in Sources */ = {isa = PBXBuildFile; fileRef = 9D86988321D64B0700892773 /* SleepViewController.swift */; };
		9D86988621D64B4E00892773 /* HeartViewController.swift in Sources */ = {isa = PBXBuildFile; fileRef = 9D86988521D64B4E00892773 /* HeartViewController.swift */; };
		9D86988821D64B8700892773 /* SugerViewController.swift in Sources */ = {isa = PBXBuildFile; fileRef = 9D86988721D64B8700892773 /* SugerViewController.swift */; };
		9D86988B21D65FD200892773 /* SugerData.swift in Sources */ = {isa = PBXBuildFile; fileRef = 9D86988A21D65FD200892773 /* SugerData.swift */; };
		9D8E868721D4F53B00C0034D /* API.swift in Sources */ = {isa = PBXBuildFile; fileRef = 9D8E868621D4F53B00C0034D /* API.swift */; };
		9D93F46221E1EAE800E34100 /* ClockTimeSetViewController.swift in Sources */ = {isa = PBXBuildFile; fileRef = 9D93F46121E1EAE800E34100 /* ClockTimeSetViewController.swift */; };
		9D93F46421E1EC8A00E34100 /* TimeCell.swift in Sources */ = {isa = PBXBuildFile; fileRef = 9D93F46321E1EC8A00E34100 /* TimeCell.swift */; };
		9D93F46621E1F4DE00E34100 /* SedentaryViewController.swift in Sources */ = {isa = PBXBuildFile; fileRef = 9D93F46521E1F4DE00E34100 /* SedentaryViewController.swift */; };
		9DA359B121D3A7020090A7DD /* RSideViewController.swift in Sources */ = {isa = PBXBuildFile; fileRef = 9DA359B021D3A7020090A7DD /* RSideViewController.swift */; };
		9DA359B321D3C2920090A7DD /* UIViewExtension.swift in Sources */ = {isa = PBXBuildFile; fileRef = 9DA359B221D3C2920090A7DD /* UIViewExtension.swift */; };
		9DA359B521D3C42E0090A7DD /* AboutViewController.swift in Sources */ = {isa = PBXBuildFile; fileRef = 9DA359B421D3C42E0090A7DD /* AboutViewController.swift */; };
		9DA359B721D3CB600090A7DD /* DeviceSettingViewController.swift in Sources */ = {isa = PBXBuildFile; fileRef = 9DA359B621D3CB600090A7DD /* DeviceSettingViewController.swift */; };
		9DA359B921D3CD830090A7DD /* UserInfo.swift in Sources */ = {isa = PBXBuildFile; fileRef = 9DA359B821D3CD830090A7DD /* UserInfo.swift */; };
		9DA359BB21D3ECF10090A7DD /* BTListViewController.swift in Sources */ = {isa = PBXBuildFile; fileRef = 9DA359BA21D3ECF10090A7DD /* BTListViewController.swift */; };
		9DAF143121DBCDC3009EDB72 /* LocalExtension.swift in Sources */ = {isa = PBXBuildFile; fileRef = 9DAF143021DBCDC3009EDB72 /* LocalExtension.swift */; };
		9DAF143321DBCF81009EDB72 /* UITextFieldExtension.swift in Sources */ = {isa = PBXBuildFile; fileRef = 9DAF143221DBCF81009EDB72 /* UITextFieldExtension.swift */; };
		9DAF143521DBD69C009EDB72 /* DateExtension.swift in Sources */ = {isa = PBXBuildFile; fileRef = 9DAF143421DBD69C009EDB72 /* DateExtension.swift */; };
		9DAF143721DBDEF7009EDB72 /* SoprtType.swift in Sources */ = {isa = PBXBuildFile; fileRef = 9DAF143621DBDEF7009EDB72 /* SoprtType.swift */; };
		9DAF143921DBE235009EDB72 /* SportSelectedViewController.swift in Sources */ = {isa = PBXBuildFile; fileRef = 9DAF143821DBE235009EDB72 /* SportSelectedViewController.swift */; };
		9DAF143E21DBE411009EDB72 /* SportItemCell.swift in Sources */ = {isa = PBXBuildFile; fileRef = 9DAF143D21DBE411009EDB72 /* SportItemCell.swift */; };
		9DC3B7D621D72D3B001DD0E4 /* BloodPressureViewController.swift in Sources */ = {isa = PBXBuildFile; fileRef = 9DC3B7D521D72D3B001DD0E4 /* BloodPressureViewController.swift */; };
		9DC3B7D921D73C6F001DD0E4 /* Health.storyboard in Resources */ = {isa = PBXBuildFile; fileRef = 9DC3B7D821D73C6F001DD0E4 /* Health.storyboard */; };
		9DC3B7DB21D73C95001DD0E4 /* HeartCurveViewController.swift in Sources */ = {isa = PBXBuildFile; fileRef = 9DC3B7DA21D73C95001DD0E4 /* HeartCurveViewController.swift */; };
		9DC3B7DD21D76618001DD0E4 /* SettingViewController.swift in Sources */ = {isa = PBXBuildFile; fileRef = 9DC3B7DC21D76618001DD0E4 /* SettingViewController.swift */; };
		9DD4CB9121D1A89C00C15430 /* BMIInfoViewController.swift in Sources */ = {isa = PBXBuildFile; fileRef = 9DD4CB9021D1A89C00C15430 /* BMIInfoViewController.swift */; };
		9DD4CB9321D1A8CE00C15430 /* UserInfoViewController.swift in Sources */ = {isa = PBXBuildFile; fileRef = 9DD4CB9221D1A8CE00C15430 /* UserInfoViewController.swift */; };
		9DD4CB9621D275D900C15430 /* DeviceCell.xib in Resources */ = {isa = PBXBuildFile; fileRef = 9DD4CB9521D275D900C15430 /* DeviceCell.xib */; };
		9DD4CB9821D2776200C15430 /* DeviceCell.swift in Sources */ = {isa = PBXBuildFile; fileRef = 9DD4CB9721D2776200C15430 /* DeviceCell.swift */; };
		9DD4CB9D21D278AC00C15430 /* BTDevice.storyboard in Resources */ = {isa = PBXBuildFile; fileRef = 9DD4CB9C21D278AC00C15430 /* BTDevice.storyboard */; };
		9DD4CB9F21D2797700C15430 /* UITableViewExtension.swift in Sources */ = {isa = PBXBuildFile; fileRef = 9DD4CB9E21D2797600C15430 /* UITableViewExtension.swift */; };
		9DD4CBA221D27A9100C15430 /* UIWindowExtension.swift in Sources */ = {isa = PBXBuildFile; fileRef = 9DD4CBA121D27A9100C15430 /* UIWindowExtension.swift */; };
		9DD4CBA421D2936600C15430 /* Menu.storyboard in Resources */ = {isa = PBXBuildFile; fileRef = 9DD4CBA321D2936600C15430 /* Menu.storyboard */; };
		9DD4CBA621D2938A00C15430 /* MenuViewController.swift in Sources */ = {isa = PBXBuildFile; fileRef = 9DD4CBA521D2938A00C15430 /* MenuViewController.swift */; };
		9DD4CBA821D294D300C15430 /* MainTabBarViewController.swift in Sources */ = {isa = PBXBuildFile; fileRef = 9DD4CBA721D294D300C15430 /* MainTabBarViewController.swift */; };
		9DED548321D4F9640060B4B8 /* UserInfoAPI.swift in Sources */ = {isa = PBXBuildFile; fileRef = 9DED548221D4F9640060B4B8 /* UserInfoAPI.swift */; };
		9DED548521D4FD050060B4B8 /* MedicineAPI.swift in Sources */ = {isa = PBXBuildFile; fileRef = 9DED548421D4FD050060B4B8 /* MedicineAPI.swift */; };
		9DED548721D500E30060B4B8 /* HealthAPI.swift in Sources */ = {isa = PBXBuildFile; fileRef = 9DED548621D500E30060B4B8 /* HealthAPI.swift */; };
		9DED548B21D544600060B4B8 /* CameraViewController.swift in Sources */ = {isa = PBXBuildFile; fileRef = 9DED548A21D544600060B4B8 /* CameraViewController.swift */; };
		B302546621DD090F00A2AB89 /* ToolBox.swift in Sources */ = {isa = PBXBuildFile; fileRef = B302546321DD090F00A2AB89 /* ToolBox.swift */; };
		B302546721DD090F00A2AB89 /* BLETool.swift in Sources */ = {isa = PBXBuildFile; fileRef = B302546421DD090F00A2AB89 /* BLETool.swift */; };
		B302546821DD090F00A2AB89 /* AllTool.swift in Sources */ = {isa = PBXBuildFile; fileRef = B302546521DD090F00A2AB89 /* AllTool.swift */; };
		B302548421DD092400A2AB89 /* GlobalProperty.swift in Sources */ = {isa = PBXBuildFile; fileRef = B302546A21DD092400A2AB89 /* GlobalProperty.swift */; };
		B302548521DD092400A2AB89 /* CoreDataManage.swift in Sources */ = {isa = PBXBuildFile; fileRef = B302546B21DD092400A2AB89 /* CoreDataManage.swift */; };
		B302548621DD092400A2AB89 /* HCHCommonManager.swift in Sources */ = {isa = PBXBuildFile; fileRef = B302546C21DD092400A2AB89 /* HCHCommonManager.swift */; };
		B302548721DD092400A2AB89 /* TimeCallManager.swift in Sources */ = {isa = PBXBuildFile; fileRef = B302546D21DD092400A2AB89 /* TimeCallManager.swift */; };
		B302548821DD092400A2AB89 /* SQLdataManager.swift in Sources */ = {isa = PBXBuildFile; fileRef = B302546E21DD092400A2AB89 /* SQLdataManager.swift */; };
		B302548921DD092400A2AB89 /* BluetoothManager.swift in Sources */ = {isa = PBXBuildFile; fileRef = B302547021DD092400A2AB89 /* BluetoothManager.swift */; };
		B302548A21DD092400A2AB89 /* CositeaBluetoothManager.swift in Sources */ = {isa = PBXBuildFile; fileRef = B302547121DD092400A2AB89 /* CositeaBluetoothManager.swift */; };
		B302548B21DD092400A2AB89 /* BluetoothScan.swift in Sources */ = {isa = PBXBuildFile; fileRef = B302547221DD092400A2AB89 /* BluetoothScan.swift */; };
		B302548C21DD092400A2AB89 /* CositeaBlueTooth.swift in Sources */ = {isa = PBXBuildFile; fileRef = B302547321DD092400A2AB89 /* CositeaBlueTooth.swift */; };
		B302548D21DD092400A2AB89 /* ddd.swift in Sources */ = {isa = PBXBuildFile; fileRef = B302547421DD092400A2AB89 /* ddd.swift */; };
		B302548E21DD092400A2AB89 /* OffLineDataModel.swift in Sources */ = {isa = PBXBuildFile; fileRef = B302547621DD092400A2AB89 /* OffLineDataModel.swift */; };
		B302548F21DD092400A2AB89 /* CustomAlarmModel.swift in Sources */ = {isa = PBXBuildFile; fileRef = B302547721DD092400A2AB89 /* CustomAlarmModel.swift */; };
		B302549021DD092400A2AB89 /* SleepModel.swift in Sources */ = {isa = PBXBuildFile; fileRef = B302547821DD092400A2AB89 /* SleepModel.swift */; };
		B302549121DD092400A2AB89 /* SedentaryModel.swift in Sources */ = {isa = PBXBuildFile; fileRef = B302547921DD092400A2AB89 /* SedentaryModel.swift */; };
		B302549221DD092400A2AB89 /* PerModel.swift in Sources */ = {isa = PBXBuildFile; fileRef = B302547A21DD092400A2AB89 /* PerModel.swift */; };
		B302549321DD092400A2AB89 /* DayOverViewDataModel.swift in Sources */ = {isa = PBXBuildFile; fileRef = B302547B21DD092400A2AB89 /* DayOverViewDataModel.swift */; };
		B302549421DD092400A2AB89 /* PZBlueToothManager.swift in Sources */ = {isa = PBXBuildFile; fileRef = B302547C21DD092400A2AB89 /* PZBlueToothManager.swift */; };
		B302549521DD092400A2AB89 /* BloodPressureModel.swift in Sources */ = {isa = PBXBuildFile; fileRef = B302547E21DD092400A2AB89 /* BloodPressureModel.swift */; };
		B302549621DD092400A2AB89 /* SportModelMap.swift in Sources */ = {isa = PBXBuildFile; fileRef = B302547F21DD092400A2AB89 /* SportModelMap.swift */; };
		B302549721DD092400A2AB89 /* WeatherDays.swift in Sources */ = {isa = PBXBuildFile; fileRef = B302548121DD092400A2AB89 /* WeatherDays.swift */; };
		B302549821DD092400A2AB89 /* WeatherDay.swift in Sources */ = {isa = PBXBuildFile; fileRef = B302548221DD092400A2AB89 /* WeatherDay.swift */; };
		B302549921DD092400A2AB89 /* PZWeatherModel.swift in Sources */ = {isa = PBXBuildFile; fileRef = B302548321DD092400A2AB89 /* PZWeatherModel.swift */; };
		B30A854A21E61EFD00C2DC00 /* SedentaryCell.swift in Sources */ = {isa = PBXBuildFile; fileRef = B30A854821E61EFD00C2DC00 /* SedentaryCell.swift */; };
		B30A854B21E61EFD00C2DC00 /* SedentaryCell.xib in Resources */ = {isa = PBXBuildFile; fileRef = B30A854921E61EFD00C2DC00 /* SedentaryCell.xib */; };
		B322199A21E0D3F9000BF41B /* StringExtension.swift in Sources */ = {isa = PBXBuildFile; fileRef = B322199921E0D3F9000BF41B /* StringExtension.swift */; };
		C3AE5E9795ADE7C7E338C963 /* Pods_hncloud.framework in Frameworks */ = {isa = PBXBuildFile; fileRef = 161B2F5FB10DFE3167099D5D /* Pods_hncloud.framework */; };
		E61EC6C206348E36F10E557A /* Pods_hncloudUITests.framework in Frameworks */ = {isa = PBXBuildFile; fileRef = D90FFE7834698DED6988CFE5 /* Pods_hncloudUITests.framework */; };
/* End PBXBuildFile section */

/* Begin PBXContainerItemProxy section */
		9D6E272421D1072C00F22ABD /* PBXContainerItemProxy */ = {
			isa = PBXContainerItemProxy;
			containerPortal = 9D6E270721D1072B00F22ABD /* Project object */;
			proxyType = 1;
			remoteGlobalIDString = 9D6E270E21D1072B00F22ABD;
			remoteInfo = hncloud;
		};
		9D6E272F21D1072D00F22ABD /* PBXContainerItemProxy */ = {
			isa = PBXContainerItemProxy;
			containerPortal = 9D6E270721D1072B00F22ABD /* Project object */;
			proxyType = 1;
			remoteGlobalIDString = 9D6E270E21D1072B00F22ABD;
			remoteInfo = hncloud;
		};
/* End PBXContainerItemProxy section */

/* Begin PBXFileReference section */
		161B2F5FB10DFE3167099D5D /* Pods_hncloud.framework */ = {isa = PBXFileReference; explicitFileType = wrapper.framework; includeInIndex = 0; path = Pods_hncloud.framework; sourceTree = BUILT_PRODUCTS_DIR; };
		485FDD95088E138FE71246D8 /* Pods-hncloud.release.xcconfig */ = {isa = PBXFileReference; includeInIndex = 1; lastKnownFileType = text.xcconfig; name = "Pods-hncloud.release.xcconfig"; path = "Pods/Target Support Files/Pods-hncloud/Pods-hncloud.release.xcconfig"; sourceTree = "<group>"; };
		56F47AF46006072272727B29 /* Pods-hncloud.debug.xcconfig */ = {isa = PBXFileReference; includeInIndex = 1; lastKnownFileType = text.xcconfig; name = "Pods-hncloud.debug.xcconfig"; path = "Pods/Target Support Files/Pods-hncloud/Pods-hncloud.debug.xcconfig"; sourceTree = "<group>"; };
		5B02C50222A994E43E762353 /* Pods-hncloudTests.release.xcconfig */ = {isa = PBXFileReference; includeInIndex = 1; lastKnownFileType = text.xcconfig; name = "Pods-hncloudTests.release.xcconfig"; path = "Pods/Target Support Files/Pods-hncloudTests/Pods-hncloudTests.release.xcconfig"; sourceTree = "<group>"; };
		750F9C00256D612CA733412B /* Pods-hncloudTests.debug.xcconfig */ = {isa = PBXFileReference; includeInIndex = 1; lastKnownFileType = text.xcconfig; name = "Pods-hncloudTests.debug.xcconfig"; path = "Pods/Target Support Files/Pods-hncloudTests/Pods-hncloudTests.debug.xcconfig"; sourceTree = "<group>"; };
		8DA28C34E687286295953C7E /* Pods-hncloudUITests.release.xcconfig */ = {isa = PBXFileReference; includeInIndex = 1; lastKnownFileType = text.xcconfig; name = "Pods-hncloudUITests.release.xcconfig"; path = "Pods/Target Support Files/Pods-hncloudUITests/Pods-hncloudUITests.release.xcconfig"; sourceTree = "<group>"; };
		91ADE0113789BF5F1D218A7F /* Pods-hncloudUITests.debug.xcconfig */ = {isa = PBXFileReference; includeInIndex = 1; lastKnownFileType = text.xcconfig; name = "Pods-hncloudUITests.debug.xcconfig"; path = "Pods/Target Support Files/Pods-hncloudUITests/Pods-hncloudUITests.debug.xcconfig"; sourceTree = "<group>"; };
		9D11BF3921E1C9CA0081A1C1 /* SetRemindCell.xib */ = {isa = PBXFileReference; lastKnownFileType = file.xib; path = SetRemindCell.xib; sourceTree = "<group>"; };
		9D11BF3B21E1C9E60081A1C1 /* SetRemindCell.swift */ = {isa = PBXFileReference; lastKnownFileType = sourcecode.swift; path = SetRemindCell.swift; sourceTree = "<group>"; };
		9D11BF3D21E1CC810081A1C1 /* ClockViewController.swift */ = {isa = PBXFileReference; lastKnownFileType = sourcecode.swift; path = ClockViewController.swift; sourceTree = "<group>"; };
		9D11BF3F21E1CD0A0081A1C1 /* ClockTypeViewController.swift */ = {isa = PBXFileReference; lastKnownFileType = sourcecode.swift; path = ClockTypeViewController.swift; sourceTree = "<group>"; };
		9D1F88F521D10EBD0033721E /* StartViewController.swift */ = {isa = PBXFileReference; lastKnownFileType = sourcecode.swift; path = StartViewController.swift; sourceTree = "<group>"; };
		9D1F88F721D116880033721E /* DeviceListViewController.swift */ = {isa = PBXFileReference; lastKnownFileType = sourcecode.swift; path = DeviceListViewController.swift; sourceTree = "<group>"; };
		9D1F88FA21D116F60033721E /* UIViewControllerExtension.swift */ = {isa = PBXFileReference; lastKnownFileType = sourcecode.swift; path = UIViewControllerExtension.swift; sourceTree = "<group>"; };
		9D1F88FC21D11E1B0033721E /* UIImageExtension.swift */ = {isa = PBXFileReference; lastKnownFileType = sourcecode.swift; path = UIImageExtension.swift; sourceTree = "<group>"; };
		9D1F88FF21D13FAE0033721E /* AppDelegate+Basic.swift */ = {isa = PBXFileReference; lastKnownFileType = sourcecode.swift; path = "AppDelegate+Basic.swift"; sourceTree = "<group>"; };
		9D1F890221D14AFE0033721E /* LoginViewController.swift */ = {isa = PBXFileReference; lastKnownFileType = sourcecode.swift; path = LoginViewController.swift; sourceTree = "<group>"; };
		9D1F890421D14B440033721E /* Login.storyboard */ = {isa = PBXFileReference; fileEncoding = 4; lastKnownFileType = file.storyboard; path = Login.storyboard; sourceTree = "<group>"; };
		9D1F890621D14BDE0033721E /* LoginMenuViewController.swift */ = {isa = PBXFileReference; lastKnownFileType = sourcecode.swift; path = LoginMenuViewController.swift; sourceTree = "<group>"; };
		9D1F890821D1575E0033721E /* FoundPasswordViewController.swift */ = {isa = PBXFileReference; lastKnownFileType = sourcecode.swift; path = FoundPasswordViewController.swift; sourceTree = "<group>"; };
		9D1F890A21D157B70033721E /* RegisterViewController.swift */ = {isa = PBXFileReference; lastKnownFileType = sourcecode.swift; path = RegisterViewController.swift; sourceTree = "<group>"; };
		9D2226A521E120BD0087B66A /* SleepMarkerView.xib */ = {isa = PBXFileReference; lastKnownFileType = file.xib; path = SleepMarkerView.xib; sourceTree = "<group>"; };
		9D2226A721E120CD0087B66A /* SleepMarkerView.swift */ = {isa = PBXFileReference; lastKnownFileType = sourcecode.swift; path = SleepMarkerView.swift; sourceTree = "<group>"; };
		9D2226A921E12D060087B66A /* SettingCell.xib */ = {isa = PBXFileReference; lastKnownFileType = file.xib; path = SettingCell.xib; sourceTree = "<group>"; };
		9D2226AB21E12FEA0087B66A /* SettingCell.swift */ = {isa = PBXFileReference; lastKnownFileType = sourcecode.swift; path = SettingCell.swift; sourceTree = "<group>"; };
		9D297A1221D4AAC600E34260 /* ArrayExtension.swift */ = {isa = PBXFileReference; lastKnownFileType = sourcecode.swift; path = ArrayExtension.swift; sourceTree = "<group>"; };
		9D297A1421D4AF4E00E34260 /* DS-DIGIB.TTF */ = {isa = PBXFileReference; lastKnownFileType = file; path = "DS-DIGIB.TTF"; sourceTree = "<group>"; };
		9D2B806621D7B39600F63685 /* SportCell.swift */ = {isa = PBXFileReference; lastKnownFileType = sourcecode.swift; path = SportCell.swift; sourceTree = "<group>"; };
		9D5F394521DE4A030089C423 /* SwitchCell.xib */ = {isa = PBXFileReference; lastKnownFileType = file.xib; path = SwitchCell.xib; sourceTree = "<group>"; };
		9D5F394721DE4B5D0089C423 /* SwitchCell.swift */ = {isa = PBXFileReference; lastKnownFileType = sourcecode.swift; path = SwitchCell.swift; sourceTree = "<group>"; };
		9D5F394D21DE755A0089C423 /* CameraController.swift */ = {isa = PBXFileReference; lastKnownFileType = sourcecode.swift; path = CameraController.swift; sourceTree = "<group>"; };
		9D5F394F21DE831E0089C423 /* CalendarViewController.swift */ = {isa = PBXFileReference; lastKnownFileType = sourcecode.swift; path = CalendarViewController.swift; sourceTree = "<group>"; };
		9D5F395221DE8E070089C423 /* RPagingViewController.swift */ = {isa = PBXFileReference; fileEncoding = 4; lastKnownFileType = sourcecode.swift; path = RPagingViewController.swift; sourceTree = "<group>"; };
		9D5F395321DE8E070089C423 /* PagingProtocal.swift */ = {isa = PBXFileReference; fileEncoding = 4; lastKnownFileType = sourcecode.swift; path = PagingProtocal.swift; sourceTree = "<group>"; };
		9D5F395521DE8E070089C423 /* RSegmentCell.xib */ = {isa = PBXFileReference; fileEncoding = 4; lastKnownFileType = file.xib; path = RSegmentCell.xib; sourceTree = "<group>"; };
		9D5F395621DE8E070089C423 /* RSegmentOption.swift */ = {isa = PBXFileReference; fileEncoding = 4; lastKnownFileType = sourcecode.swift; path = RSegmentOption.swift; sourceTree = "<group>"; };
		9D5F395721DE8E070089C423 /* RSegmentCell.swift */ = {isa = PBXFileReference; fileEncoding = 4; lastKnownFileType = sourcecode.swift; path = RSegmentCell.swift; sourceTree = "<group>"; };
		9D5F395821DE8E070089C423 /* RSegment.swift */ = {isa = PBXFileReference; fileEncoding = 4; lastKnownFileType = sourcecode.swift; path = RSegment.swift; sourceTree = "<group>"; };
		9D5F395921DE8E070089C423 /* RSegmentProtocol.swift */ = {isa = PBXFileReference; fileEncoding = 4; lastKnownFileType = sourcecode.swift; path = RSegmentProtocol.swift; sourceTree = "<group>"; };
		9D5F395B21DE8E070089C423 /* RPluginHeaderScroll.swift */ = {isa = PBXFileReference; fileEncoding = 4; lastKnownFileType = sourcecode.swift; path = RPluginHeaderScroll.swift; sourceTree = "<group>"; };
		9D5F395C21DE8E070089C423 /* RPluginTabBar.swift */ = {isa = PBXFileReference; fileEncoding = 4; lastKnownFileType = sourcecode.swift; path = RPluginTabBar.swift; sourceTree = "<group>"; };
		9D5F395D21DE8E070089C423 /* PagingExtension.swift */ = {isa = PBXFileReference; fileEncoding = 4; lastKnownFileType = sourcecode.swift; path = PagingExtension.swift; sourceTree = "<group>"; };
		9D5F395E21DE8E070089C423 /* RPagingViewControllerPlugin.swift */ = {isa = PBXFileReference; fileEncoding = 4; lastKnownFileType = sourcecode.swift; path = RPagingViewControllerPlugin.swift; sourceTree = "<group>"; };
		9D5F396A21DE8E2E0089C423 /* CurveViewController.swift */ = {isa = PBXFileReference; lastKnownFileType = sourcecode.swift; path = CurveViewController.swift; sourceTree = "<group>"; };
		9D5F396C21DE8EBD0089C423 /* CurveChildViewController.swift */ = {isa = PBXFileReference; lastKnownFileType = sourcecode.swift; path = CurveChildViewController.swift; sourceTree = "<group>"; };
		9D616CAA21DA7C3D00BB1C26 /* ModifyPasswordViewController.swift */ = {isa = PBXFileReference; lastKnownFileType = sourcecode.swift; path = ModifyPasswordViewController.swift; sourceTree = "<group>"; };
		9D6318A821E19A930073C1BD /* HeartCell.xib */ = {isa = PBXFileReference; lastKnownFileType = file.xib; path = HeartCell.xib; sourceTree = "<group>"; };
		9D6318AA21E19AB40073C1BD /* HeartCell.swift */ = {isa = PBXFileReference; lastKnownFileType = sourcecode.swift; path = HeartCell.swift; sourceTree = "<group>"; };
		9D6318AC21E1A9A20073C1BD /* FrequencyViewController.swift */ = {isa = PBXFileReference; lastKnownFileType = sourcecode.swift; path = FrequencyViewController.swift; sourceTree = "<group>"; };
		9D6318AE21E1B2C20073C1BD /* PhoneCell.xib */ = {isa = PBXFileReference; lastKnownFileType = file.xib; path = PhoneCell.xib; sourceTree = "<group>"; };
		9D6318B021E1B2D30073C1BD /* PhoneCell.swift */ = {isa = PBXFileReference; lastKnownFileType = sourcecode.swift; path = PhoneCell.swift; sourceTree = "<group>"; };
		9D6318B221E1B47D0073C1BD /* MessageCell.xib */ = {isa = PBXFileReference; lastKnownFileType = file.xib; path = MessageCell.xib; sourceTree = "<group>"; };
		9D6318B421E1B4B70073C1BD /* MessageCell.swift */ = {isa = PBXFileReference; lastKnownFileType = sourcecode.swift; path = MessageCell.swift; sourceTree = "<group>"; };
		9D651FC021D9ADB500C47536 /* SportRecordViewController.swift */ = {isa = PBXFileReference; lastKnownFileType = sourcecode.swift; path = SportRecordViewController.swift; sourceTree = "<group>"; };
		9D694E6221DD142B004D66DC /* CustomSlider.swift */ = {isa = PBXFileReference; lastKnownFileType = sourcecode.swift; path = CustomSlider.swift; sourceTree = "<group>"; };
		9D694E6421DD2E21004D66DC /* TargetViewController.swift */ = {isa = PBXFileReference; lastKnownFileType = sourcecode.swift; path = TargetViewController.swift; sourceTree = "<group>"; };
		9D6E270F21D1072B00F22ABD /* hncloud.app */ = {isa = PBXFileReference; explicitFileType = wrapper.application; includeInIndex = 0; path = hncloud.app; sourceTree = BUILT_PRODUCTS_DIR; };
		9D6E271221D1072B00F22ABD /* AppDelegate.swift */ = {isa = PBXFileReference; lastKnownFileType = sourcecode.swift; path = AppDelegate.swift; sourceTree = "<group>"; };
		9D6E271721D1072B00F22ABD /* Base */ = {isa = PBXFileReference; lastKnownFileType = file.storyboard; name = Base; path = Base.lproj/Main.storyboard; sourceTree = "<group>"; };
		9D6E271921D1072C00F22ABD /* Assets.xcassets */ = {isa = PBXFileReference; lastKnownFileType = folder.assetcatalog; path = Assets.xcassets; sourceTree = "<group>"; };
		9D6E271C21D1072C00F22ABD /* Base */ = {isa = PBXFileReference; lastKnownFileType = file.storyboard; name = Base; path = Base.lproj/LaunchScreen.storyboard; sourceTree = "<group>"; };
		9D6E271E21D1072C00F22ABD /* Info.plist */ = {isa = PBXFileReference; lastKnownFileType = text.plist.xml; path = Info.plist; sourceTree = "<group>"; };
		9D6E272321D1072C00F22ABD /* hncloudTests.xctest */ = {isa = PBXFileReference; explicitFileType = wrapper.cfbundle; includeInIndex = 0; path = hncloudTests.xctest; sourceTree = BUILT_PRODUCTS_DIR; };
		9D6E272721D1072C00F22ABD /* hncloudTests.swift */ = {isa = PBXFileReference; lastKnownFileType = sourcecode.swift; path = hncloudTests.swift; sourceTree = "<group>"; };
		9D6E272921D1072D00F22ABD /* Info.plist */ = {isa = PBXFileReference; lastKnownFileType = text.plist.xml; path = Info.plist; sourceTree = "<group>"; };
		9D6E272E21D1072D00F22ABD /* hncloudUITests.xctest */ = {isa = PBXFileReference; explicitFileType = wrapper.cfbundle; includeInIndex = 0; path = hncloudUITests.xctest; sourceTree = BUILT_PRODUCTS_DIR; };
		9D6E273221D1072D00F22ABD /* hncloudUITests.swift */ = {isa = PBXFileReference; lastKnownFileType = sourcecode.swift; path = hncloudUITests.swift; sourceTree = "<group>"; };
		9D6E273421D1072D00F22ABD /* Info.plist */ = {isa = PBXFileReference; lastKnownFileType = text.plist.xml; path = Info.plist; sourceTree = "<group>"; };
		9D7D474121DF9DB900613C05 /* SearchMedicineViewController.swift */ = {isa = PBXFileReference; lastKnownFileType = sourcecode.swift; path = SearchMedicineViewController.swift; sourceTree = "<group>"; };
		9D7D474321DFA17200613C05 /* MedicineCellCell.swift */ = {isa = PBXFileReference; lastKnownFileType = sourcecode.swift; path = MedicineCellCell.swift; sourceTree = "<group>"; };
		9D80782F21E0B8E2007CF885 /* MarkerView.swift */ = {isa = PBXFileReference; lastKnownFileType = sourcecode.swift; path = MarkerView.swift; sourceTree = "<group>"; };
		9D80783121E0E729007CF885 /* StepsMarkerView.xib */ = {isa = PBXFileReference; lastKnownFileType = file.xib; path = StepsMarkerView.xib; sourceTree = "<group>"; };
		9D80783321E0E7C3007CF885 /* StepsMarkerView.swift */ = {isa = PBXFileReference; lastKnownFileType = sourcecode.swift; path = StepsMarkerView.swift; sourceTree = "<group>"; };
		9D86987F21D64AEC00892773 /* WalkViewController.swift */ = {isa = PBXFileReference; lastKnownFileType = sourcecode.swift; path = WalkViewController.swift; sourceTree = "<group>"; };
		9D86988121D64AFD00892773 /* SportViewController.swift */ = {isa = PBXFileReference; lastKnownFileType = sourcecode.swift; path = SportViewController.swift; sourceTree = "<group>"; };
		9D86988321D64B0700892773 /* SleepViewController.swift */ = {isa = PBXFileReference; lastKnownFileType = sourcecode.swift; path = SleepViewController.swift; sourceTree = "<group>"; };
		9D86988521D64B4E00892773 /* HeartViewController.swift */ = {isa = PBXFileReference; lastKnownFileType = sourcecode.swift; path = HeartViewController.swift; sourceTree = "<group>"; };
		9D86988721D64B8700892773 /* SugerViewController.swift */ = {isa = PBXFileReference; lastKnownFileType = sourcecode.swift; path = SugerViewController.swift; sourceTree = "<group>"; };
		9D86988A21D65FD200892773 /* SugerData.swift */ = {isa = PBXFileReference; lastKnownFileType = sourcecode.swift; path = SugerData.swift; sourceTree = "<group>"; };
		9D8E868621D4F53B00C0034D /* API.swift */ = {isa = PBXFileReference; lastKnownFileType = sourcecode.swift; path = API.swift; sourceTree = "<group>"; };
		9D93F46121E1EAE800E34100 /* ClockTimeSetViewController.swift */ = {isa = PBXFileReference; lastKnownFileType = sourcecode.swift; path = ClockTimeSetViewController.swift; sourceTree = "<group>"; };
		9D93F46321E1EC8A00E34100 /* TimeCell.swift */ = {isa = PBXFileReference; lastKnownFileType = sourcecode.swift; path = TimeCell.swift; sourceTree = "<group>"; };
		9D93F46521E1F4DE00E34100 /* SedentaryViewController.swift */ = {isa = PBXFileReference; lastKnownFileType = sourcecode.swift; path = SedentaryViewController.swift; sourceTree = "<group>"; };
		9DA359B021D3A7020090A7DD /* RSideViewController.swift */ = {isa = PBXFileReference; lastKnownFileType = sourcecode.swift; path = RSideViewController.swift; sourceTree = "<group>"; };
		9DA359B221D3C2920090A7DD /* UIViewExtension.swift */ = {isa = PBXFileReference; lastKnownFileType = sourcecode.swift; path = UIViewExtension.swift; sourceTree = "<group>"; };
		9DA359B421D3C42E0090A7DD /* AboutViewController.swift */ = {isa = PBXFileReference; lastKnownFileType = sourcecode.swift; path = AboutViewController.swift; sourceTree = "<group>"; };
		9DA359B621D3CB600090A7DD /* DeviceSettingViewController.swift */ = {isa = PBXFileReference; lastKnownFileType = sourcecode.swift; path = DeviceSettingViewController.swift; sourceTree = "<group>"; };
		9DA359B821D3CD830090A7DD /* UserInfo.swift */ = {isa = PBXFileReference; lastKnownFileType = sourcecode.swift; path = UserInfo.swift; sourceTree = "<group>"; };
		9DA359BA21D3ECF10090A7DD /* BTListViewController.swift */ = {isa = PBXFileReference; lastKnownFileType = sourcecode.swift; path = BTListViewController.swift; sourceTree = "<group>"; };
		9DAF143021DBCDC3009EDB72 /* LocalExtension.swift */ = {isa = PBXFileReference; lastKnownFileType = sourcecode.swift; path = LocalExtension.swift; sourceTree = "<group>"; };
		9DAF143221DBCF81009EDB72 /* UITextFieldExtension.swift */ = {isa = PBXFileReference; lastKnownFileType = sourcecode.swift; path = UITextFieldExtension.swift; sourceTree = "<group>"; };
		9DAF143421DBD69C009EDB72 /* DateExtension.swift */ = {isa = PBXFileReference; lastKnownFileType = sourcecode.swift; path = DateExtension.swift; sourceTree = "<group>"; };
		9DAF143621DBDEF7009EDB72 /* SoprtType.swift */ = {isa = PBXFileReference; lastKnownFileType = sourcecode.swift; path = SoprtType.swift; sourceTree = "<group>"; };
		9DAF143821DBE235009EDB72 /* SportSelectedViewController.swift */ = {isa = PBXFileReference; lastKnownFileType = sourcecode.swift; path = SportSelectedViewController.swift; sourceTree = "<group>"; };
		9DAF143D21DBE411009EDB72 /* SportItemCell.swift */ = {isa = PBXFileReference; lastKnownFileType = sourcecode.swift; path = SportItemCell.swift; sourceTree = "<group>"; };
		9DC3B7D521D72D3B001DD0E4 /* BloodPressureViewController.swift */ = {isa = PBXFileReference; lastKnownFileType = sourcecode.swift; path = BloodPressureViewController.swift; sourceTree = "<group>"; };
		9DC3B7D821D73C6F001DD0E4 /* Health.storyboard */ = {isa = PBXFileReference; fileEncoding = 4; lastKnownFileType = file.storyboard; path = Health.storyboard; sourceTree = "<group>"; };
		9DC3B7DA21D73C95001DD0E4 /* HeartCurveViewController.swift */ = {isa = PBXFileReference; lastKnownFileType = sourcecode.swift; path = HeartCurveViewController.swift; sourceTree = "<group>"; };
		9DC3B7DC21D76618001DD0E4 /* SettingViewController.swift */ = {isa = PBXFileReference; lastKnownFileType = sourcecode.swift; path = SettingViewController.swift; sourceTree = "<group>"; };
		9DD4CB9021D1A89C00C15430 /* BMIInfoViewController.swift */ = {isa = PBXFileReference; lastKnownFileType = sourcecode.swift; path = BMIInfoViewController.swift; sourceTree = "<group>"; };
		9DD4CB9221D1A8CE00C15430 /* UserInfoViewController.swift */ = {isa = PBXFileReference; lastKnownFileType = sourcecode.swift; path = UserInfoViewController.swift; sourceTree = "<group>"; };
		9DD4CB9521D275D900C15430 /* DeviceCell.xib */ = {isa = PBXFileReference; lastKnownFileType = file.xib; path = DeviceCell.xib; sourceTree = "<group>"; };
		9DD4CB9721D2776200C15430 /* DeviceCell.swift */ = {isa = PBXFileReference; lastKnownFileType = sourcecode.swift; path = DeviceCell.swift; sourceTree = "<group>"; };
		9DD4CB9C21D278AC00C15430 /* BTDevice.storyboard */ = {isa = PBXFileReference; fileEncoding = 4; lastKnownFileType = file.storyboard; path = BTDevice.storyboard; sourceTree = "<group>"; };
		9DD4CB9E21D2797600C15430 /* UITableViewExtension.swift */ = {isa = PBXFileReference; lastKnownFileType = sourcecode.swift; path = UITableViewExtension.swift; sourceTree = "<group>"; };
		9DD4CBA121D27A9100C15430 /* UIWindowExtension.swift */ = {isa = PBXFileReference; lastKnownFileType = sourcecode.swift; path = UIWindowExtension.swift; sourceTree = "<group>"; };
		9DD4CBA321D2936600C15430 /* Menu.storyboard */ = {isa = PBXFileReference; fileEncoding = 4; lastKnownFileType = file.storyboard; path = Menu.storyboard; sourceTree = "<group>"; };
		9DD4CBA521D2938A00C15430 /* MenuViewController.swift */ = {isa = PBXFileReference; lastKnownFileType = sourcecode.swift; path = MenuViewController.swift; sourceTree = "<group>"; };
		9DD4CBA721D294D300C15430 /* MainTabBarViewController.swift */ = {isa = PBXFileReference; lastKnownFileType = sourcecode.swift; path = MainTabBarViewController.swift; sourceTree = "<group>"; };
		9DED548221D4F9640060B4B8 /* UserInfoAPI.swift */ = {isa = PBXFileReference; lastKnownFileType = sourcecode.swift; path = UserInfoAPI.swift; sourceTree = "<group>"; };
		9DED548421D4FD050060B4B8 /* MedicineAPI.swift */ = {isa = PBXFileReference; lastKnownFileType = sourcecode.swift; path = MedicineAPI.swift; sourceTree = "<group>"; };
		9DED548621D500E30060B4B8 /* HealthAPI.swift */ = {isa = PBXFileReference; lastKnownFileType = sourcecode.swift; path = HealthAPI.swift; sourceTree = "<group>"; };
		9DED548A21D544600060B4B8 /* CameraViewController.swift */ = {isa = PBXFileReference; lastKnownFileType = sourcecode.swift; path = CameraViewController.swift; sourceTree = "<group>"; };
		B302546321DD090F00A2AB89 /* ToolBox.swift */ = {isa = PBXFileReference; fileEncoding = 4; lastKnownFileType = sourcecode.swift; path = ToolBox.swift; sourceTree = "<group>"; };
		B302546421DD090F00A2AB89 /* BLETool.swift */ = {isa = PBXFileReference; fileEncoding = 4; lastKnownFileType = sourcecode.swift; path = BLETool.swift; sourceTree = "<group>"; };
		B302546521DD090F00A2AB89 /* AllTool.swift */ = {isa = PBXFileReference; fileEncoding = 4; lastKnownFileType = sourcecode.swift; path = AllTool.swift; sourceTree = "<group>"; };
		B302546A21DD092400A2AB89 /* GlobalProperty.swift */ = {isa = PBXFileReference; fileEncoding = 4; lastKnownFileType = sourcecode.swift; path = GlobalProperty.swift; sourceTree = "<group>"; };
		B302546B21DD092400A2AB89 /* CoreDataManage.swift */ = {isa = PBXFileReference; fileEncoding = 4; lastKnownFileType = sourcecode.swift; path = CoreDataManage.swift; sourceTree = "<group>"; };
		B302546C21DD092400A2AB89 /* HCHCommonManager.swift */ = {isa = PBXFileReference; fileEncoding = 4; lastKnownFileType = sourcecode.swift; path = HCHCommonManager.swift; sourceTree = "<group>"; };
		B302546D21DD092400A2AB89 /* TimeCallManager.swift */ = {isa = PBXFileReference; fileEncoding = 4; lastKnownFileType = sourcecode.swift; path = TimeCallManager.swift; sourceTree = "<group>"; };
		B302546E21DD092400A2AB89 /* SQLdataManager.swift */ = {isa = PBXFileReference; fileEncoding = 4; lastKnownFileType = sourcecode.swift; path = SQLdataManager.swift; sourceTree = "<group>"; };
		B302547021DD092400A2AB89 /* BluetoothManager.swift */ = {isa = PBXFileReference; fileEncoding = 4; lastKnownFileType = sourcecode.swift; path = BluetoothManager.swift; sourceTree = "<group>"; };
		B302547121DD092400A2AB89 /* CositeaBluetoothManager.swift */ = {isa = PBXFileReference; fileEncoding = 4; lastKnownFileType = sourcecode.swift; path = CositeaBluetoothManager.swift; sourceTree = "<group>"; };
		B302547221DD092400A2AB89 /* BluetoothScan.swift */ = {isa = PBXFileReference; fileEncoding = 4; lastKnownFileType = sourcecode.swift; path = BluetoothScan.swift; sourceTree = "<group>"; };
		B302547321DD092400A2AB89 /* CositeaBlueTooth.swift */ = {isa = PBXFileReference; fileEncoding = 4; lastKnownFileType = sourcecode.swift; path = CositeaBlueTooth.swift; sourceTree = "<group>"; };
		B302547421DD092400A2AB89 /* ddd.swift */ = {isa = PBXFileReference; fileEncoding = 4; lastKnownFileType = sourcecode.swift; path = ddd.swift; sourceTree = "<group>"; };
		B302547621DD092400A2AB89 /* OffLineDataModel.swift */ = {isa = PBXFileReference; fileEncoding = 4; lastKnownFileType = sourcecode.swift; path = OffLineDataModel.swift; sourceTree = "<group>"; };
		B302547721DD092400A2AB89 /* CustomAlarmModel.swift */ = {isa = PBXFileReference; fileEncoding = 4; lastKnownFileType = sourcecode.swift; path = CustomAlarmModel.swift; sourceTree = "<group>"; };
		B302547821DD092400A2AB89 /* SleepModel.swift */ = {isa = PBXFileReference; fileEncoding = 4; lastKnownFileType = sourcecode.swift; path = SleepModel.swift; sourceTree = "<group>"; };
		B302547921DD092400A2AB89 /* SedentaryModel.swift */ = {isa = PBXFileReference; fileEncoding = 4; lastKnownFileType = sourcecode.swift; path = SedentaryModel.swift; sourceTree = "<group>"; };
		B302547A21DD092400A2AB89 /* PerModel.swift */ = {isa = PBXFileReference; fileEncoding = 4; lastKnownFileType = sourcecode.swift; path = PerModel.swift; sourceTree = "<group>"; };
		B302547B21DD092400A2AB89 /* DayOverViewDataModel.swift */ = {isa = PBXFileReference; fileEncoding = 4; lastKnownFileType = sourcecode.swift; path = DayOverViewDataModel.swift; sourceTree = "<group>"; };
		B302547C21DD092400A2AB89 /* PZBlueToothManager.swift */ = {isa = PBXFileReference; fileEncoding = 4; lastKnownFileType = sourcecode.swift; path = PZBlueToothManager.swift; sourceTree = "<group>"; };
		B302547E21DD092400A2AB89 /* BloodPressureModel.swift */ = {isa = PBXFileReference; fileEncoding = 4; lastKnownFileType = sourcecode.swift; path = BloodPressureModel.swift; sourceTree = "<group>"; };
		B302547F21DD092400A2AB89 /* SportModelMap.swift */ = {isa = PBXFileReference; fileEncoding = 4; lastKnownFileType = sourcecode.swift; path = SportModelMap.swift; sourceTree = "<group>"; };
		B302548121DD092400A2AB89 /* WeatherDays.swift */ = {isa = PBXFileReference; fileEncoding = 4; lastKnownFileType = sourcecode.swift; path = WeatherDays.swift; sourceTree = "<group>"; };
		B302548221DD092400A2AB89 /* WeatherDay.swift */ = {isa = PBXFileReference; fileEncoding = 4; lastKnownFileType = sourcecode.swift; path = WeatherDay.swift; sourceTree = "<group>"; };
		B302548321DD092400A2AB89 /* PZWeatherModel.swift */ = {isa = PBXFileReference; fileEncoding = 4; lastKnownFileType = sourcecode.swift; path = PZWeatherModel.swift; sourceTree = "<group>"; };
		B30A854821E61EFD00C2DC00 /* SedentaryCell.swift */ = {isa = PBXFileReference; lastKnownFileType = sourcecode.swift; path = SedentaryCell.swift; sourceTree = "<group>"; };
		B30A854921E61EFD00C2DC00 /* SedentaryCell.xib */ = {isa = PBXFileReference; lastKnownFileType = file.xib; path = SedentaryCell.xib; sourceTree = "<group>"; };
		B322199921E0D3F9000BF41B /* StringExtension.swift */ = {isa = PBXFileReference; lastKnownFileType = sourcecode.swift; path = StringExtension.swift; sourceTree = "<group>"; };
		D90FFE7834698DED6988CFE5 /* Pods_hncloudUITests.framework */ = {isa = PBXFileReference; explicitFileType = wrapper.framework; includeInIndex = 0; path = Pods_hncloudUITests.framework; sourceTree = BUILT_PRODUCTS_DIR; };
		EDD6C5804E0659E8E99BB9C8 /* Pods_hncloudTests.framework */ = {isa = PBXFileReference; explicitFileType = wrapper.framework; includeInIndex = 0; path = Pods_hncloudTests.framework; sourceTree = BUILT_PRODUCTS_DIR; };
/* End PBXFileReference section */

/* Begin PBXFrameworksBuildPhase section */
		9D6E270C21D1072B00F22ABD /* Frameworks */ = {
			isa = PBXFrameworksBuildPhase;
			buildActionMask = 2147483647;
			files = (
				C3AE5E9795ADE7C7E338C963 /* Pods_hncloud.framework in Frameworks */,
			);
			runOnlyForDeploymentPostprocessing = 0;
		};
		9D6E272021D1072C00F22ABD /* Frameworks */ = {
			isa = PBXFrameworksBuildPhase;
			buildActionMask = 2147483647;
			files = (
				2611E1274A8A32DEAB526A5F /* Pods_hncloudTests.framework in Frameworks */,
			);
			runOnlyForDeploymentPostprocessing = 0;
		};
		9D6E272B21D1072D00F22ABD /* Frameworks */ = {
			isa = PBXFrameworksBuildPhase;
			buildActionMask = 2147483647;
			files = (
				E61EC6C206348E36F10E557A /* Pods_hncloudUITests.framework in Frameworks */,
			);
			runOnlyForDeploymentPostprocessing = 0;
		};
/* End PBXFrameworksBuildPhase section */

/* Begin PBXGroup section */
		04A974DB20E0952B539DC9F0 /* Pods */ = {
			isa = PBXGroup;
			children = (
				56F47AF46006072272727B29 /* Pods-hncloud.debug.xcconfig */,
				485FDD95088E138FE71246D8 /* Pods-hncloud.release.xcconfig */,
				750F9C00256D612CA733412B /* Pods-hncloudTests.debug.xcconfig */,
				5B02C50222A994E43E762353 /* Pods-hncloudTests.release.xcconfig */,
				91ADE0113789BF5F1D218A7F /* Pods-hncloudUITests.debug.xcconfig */,
				8DA28C34E687286295953C7E /* Pods-hncloudUITests.release.xcconfig */,
			);
			name = Pods;
			sourceTree = "<group>";
		};
		9D1F88F921D116BF0033721E /* Tools */ = {
			isa = PBXGroup;
			children = (
				B302546521DD090F00A2AB89 /* AllTool.swift */,
				B302546421DD090F00A2AB89 /* BLETool.swift */,
				B302546321DD090F00A2AB89 /* ToolBox.swift */,
				9D1F88FA21D116F60033721E /* UIViewControllerExtension.swift */,
				9D1F88FC21D11E1B0033721E /* UIImageExtension.swift */,
				9DD4CB9E21D2797600C15430 /* UITableViewExtension.swift */,
				9DD4CBA121D27A9100C15430 /* UIWindowExtension.swift */,
				9DA359B221D3C2920090A7DD /* UIViewExtension.swift */,
				9D297A1221D4AAC600E34260 /* ArrayExtension.swift */,
				9DAF143021DBCDC3009EDB72 /* LocalExtension.swift */,
				9DAF143221DBCF81009EDB72 /* UITextFieldExtension.swift */,
				9DAF143421DBD69C009EDB72 /* DateExtension.swift */,
				B322199921E0D3F9000BF41B /* StringExtension.swift */,
			);
			path = Tools;
			sourceTree = "<group>";
		};
		9D1F88FE21D13F7E0033721E /* AppDelegateGroup */ = {
			isa = PBXGroup;
			children = (
				9D6E271221D1072B00F22ABD /* AppDelegate.swift */,
				9D1F88FF21D13FAE0033721E /* AppDelegate+Basic.swift */,
			);
			path = AppDelegateGroup;
			sourceTree = "<group>";
		};
		9D1F890121D1498E0033721E /* Login */ = {
			isa = PBXGroup;
			children = (
				9D1F890421D14B440033721E /* Login.storyboard */,
				9D1F890621D14BDE0033721E /* LoginMenuViewController.swift */,
				9D1F890221D14AFE0033721E /* LoginViewController.swift */,
				9D1F890821D1575E0033721E /* FoundPasswordViewController.swift */,
				9D1F890A21D157B70033721E /* RegisterViewController.swift */,
				9DD4CB9021D1A89C00C15430 /* BMIInfoViewController.swift */,
				9DD4CB9221D1A8CE00C15430 /* UserInfoViewController.swift */,
				9DC3B7D521D72D3B001DD0E4 /* BloodPressureViewController.swift */,
				9D616CAA21DA7C3D00BB1C26 /* ModifyPasswordViewController.swift */,
			);
			path = Login;
			sourceTree = "<group>";
		};
		9D2B806521D7B37300F63685 /* SubView */ = {
			isa = PBXGroup;
			children = (
				9D2B806621D7B39600F63685 /* SportCell.swift */,
			);
			path = SubView;
			sourceTree = "<group>";
		};
		9D5680117C82023491467B70 /* Frameworks */ = {
			isa = PBXGroup;
			children = (
				161B2F5FB10DFE3167099D5D /* Pods_hncloud.framework */,
				EDD6C5804E0659E8E99BB9C8 /* Pods_hncloudTests.framework */,
				D90FFE7834698DED6988CFE5 /* Pods_hncloudUITests.framework */,
			);
			name = Frameworks;
			sourceTree = "<group>";
		};
		9D5F394421DE49DC0089C423 /* SubView */ = {
			isa = PBXGroup;
			children = (
				9D5F394521DE4A030089C423 /* SwitchCell.xib */,
				9D5F394721DE4B5D0089C423 /* SwitchCell.swift */,
				9D2226A921E12D060087B66A /* SettingCell.xib */,
				9D2226AB21E12FEA0087B66A /* SettingCell.swift */,
				9D6318A821E19A930073C1BD /* HeartCell.xib */,
				9D6318AA21E19AB40073C1BD /* HeartCell.swift */,
				9D6318AE21E1B2C20073C1BD /* PhoneCell.xib */,
				9D6318B021E1B2D30073C1BD /* PhoneCell.swift */,
				9D6318B221E1B47D0073C1BD /* MessageCell.xib */,
				9D6318B421E1B4B70073C1BD /* MessageCell.swift */,
				9D11BF3921E1C9CA0081A1C1 /* SetRemindCell.xib */,
				9D11BF3B21E1C9E60081A1C1 /* SetRemindCell.swift */,
				B30A854921E61EFD00C2DC00 /* SedentaryCell.xib */,
				B30A854821E61EFD00C2DC00 /* SedentaryCell.swift */,
				9D93F46321E1EC8A00E34100 /* TimeCell.swift */,
			);
			path = SubView;
			sourceTree = "<group>";
		};
		9D5F395121DE8E070089C423 /* SegmentController */ = {
			isa = PBXGroup;
			children = (
				9D5F395221DE8E070089C423 /* RPagingViewController.swift */,
				9D5F395321DE8E070089C423 /* PagingProtocal.swift */,
				9D5F395421DE8E070089C423 /* Segment */,
				9D5F395A21DE8E070089C423 /* Plugin */,
				9D5F395D21DE8E070089C423 /* PagingExtension.swift */,
				9D5F395E21DE8E070089C423 /* RPagingViewControllerPlugin.swift */,
			);
			path = SegmentController;
			sourceTree = "<group>";
		};
		9D5F395421DE8E070089C423 /* Segment */ = {
			isa = PBXGroup;
			children = (
				9D5F395521DE8E070089C423 /* RSegmentCell.xib */,
				9D5F395621DE8E070089C423 /* RSegmentOption.swift */,
				9D5F395721DE8E070089C423 /* RSegmentCell.swift */,
				9D5F395821DE8E070089C423 /* RSegment.swift */,
				9D5F395921DE8E070089C423 /* RSegmentProtocol.swift */,
			);
			path = Segment;
			sourceTree = "<group>";
		};
		9D5F395A21DE8E070089C423 /* Plugin */ = {
			isa = PBXGroup;
			children = (
				9D5F395B21DE8E070089C423 /* RPluginHeaderScroll.swift */,
				9D5F395C21DE8E070089C423 /* RPluginTabBar.swift */,
			);
			path = Plugin;
			sourceTree = "<group>";
		};
		9D6E270621D1072B00F22ABD = {
			isa = PBXGroup;
			children = (
				9D6E271121D1072B00F22ABD /* hncloud */,
				9D6E272621D1072C00F22ABD /* hncloudTests */,
				9D6E273121D1072D00F22ABD /* hncloudUITests */,
				9D6E271021D1072B00F22ABD /* Products */,
				04A974DB20E0952B539DC9F0 /* Pods */,
				9D5680117C82023491467B70 /* Frameworks */,
			);
			sourceTree = "<group>";
		};
		9D6E271021D1072B00F22ABD /* Products */ = {
			isa = PBXGroup;
			children = (
				9D6E270F21D1072B00F22ABD /* hncloud.app */,
				9D6E272321D1072C00F22ABD /* hncloudTests.xctest */,
				9D6E272E21D1072D00F22ABD /* hncloudUITests.xctest */,
			);
			name = Products;
			sourceTree = "<group>";
		};
		9D6E271121D1072B00F22ABD /* hncloud */ = {
			isa = PBXGroup;
			children = (
				9DC3B7D721D73BA9001DD0E4 /* Health */,
				9DD4CBA921D294F300C15430 /* Start */,
				9DD4CBA021D27A3600C15430 /* Menu */,
				9DD4CB8F21D1A76400C15430 /* BTSetting */,
				9D1F890121D1498E0033721E /* Login */,
				9D1F88FE21D13F7E0033721E /* AppDelegateGroup */,
				B302546921DD092400A2AB89 /* Item */,
				9DD4CB9921D2782800C15430 /* Object */,
				9D1F88F921D116BF0033721E /* Tools */,
				9D6E271621D1072B00F22ABD /* Main.storyboard */,
				9D6E271921D1072C00F22ABD /* Assets.xcassets */,
				9D6E271B21D1072C00F22ABD /* LaunchScreen.storyboard */,
				9D6E271E21D1072C00F22ABD /* Info.plist */,
			);
			path = hncloud;
			sourceTree = "<group>";
		};
		9D6E272621D1072C00F22ABD /* hncloudTests */ = {
			isa = PBXGroup;
			children = (
				9D6E272721D1072C00F22ABD /* hncloudTests.swift */,
				9D6E272921D1072D00F22ABD /* Info.plist */,
			);
			path = hncloudTests;
			sourceTree = "<group>";
		};
		9D6E273121D1072D00F22ABD /* hncloudUITests */ = {
			isa = PBXGroup;
			children = (
				9D6E273221D1072D00F22ABD /* hncloudUITests.swift */,
				9D6E273421D1072D00F22ABD /* Info.plist */,
			);
			path = hncloudUITests;
			sourceTree = "<group>";
		};
		9D86988921D65FBA00892773 /* DataModel */ = {
			isa = PBXGroup;
			children = (
				9D86988A21D65FD200892773 /* SugerData.swift */,
			);
			path = DataModel;
			sourceTree = "<group>";
		};
		9D8E868821D4F56000C0034D /* API */ = {
			isa = PBXGroup;
			children = (
				9D8E868621D4F53B00C0034D /* API.swift */,
				9DED548221D4F9640060B4B8 /* UserInfoAPI.swift */,
				9DED548421D4FD050060B4B8 /* MedicineAPI.swift */,
				9DED548621D500E30060B4B8 /* HealthAPI.swift */,
			);
			path = API;
			sourceTree = "<group>";
		};
		9DAF143A21DBE2A6009EDB72 /* SubView */ = {
			isa = PBXGroup;
			children = (
				9DAF143D21DBE411009EDB72 /* SportItemCell.swift */,
				9D7D474321DFA17200613C05 /* MedicineCellCell.swift */,
				9D80782F21E0B8E2007CF885 /* MarkerView.swift */,
				9D80783121E0E729007CF885 /* StepsMarkerView.xib */,
				9D80783321E0E7C3007CF885 /* StepsMarkerView.swift */,
				9D2226A521E120BD0087B66A /* SleepMarkerView.xib */,
				9D2226A721E120CD0087B66A /* SleepMarkerView.swift */,
			);
			path = SubView;
			sourceTree = "<group>";
		};
		9DC3B7D721D73BA9001DD0E4 /* Health */ = {
			isa = PBXGroup;
			children = (
				9DAF143A21DBE2A6009EDB72 /* SubView */,
				9DC3B7D821D73C6F001DD0E4 /* Health.storyboard */,
				9DC3B7DA21D73C95001DD0E4 /* HeartCurveViewController.swift */,
				9D651FC021D9ADB500C47536 /* SportRecordViewController.swift */,
				9DAF143821DBE235009EDB72 /* SportSelectedViewController.swift */,
				9D694E6421DD2E21004D66DC /* TargetViewController.swift */,
				9D5F396A21DE8E2E0089C423 /* CurveViewController.swift */,
				9D5F396C21DE8EBD0089C423 /* CurveChildViewController.swift */,
				9D7D474121DF9DB900613C05 /* SearchMedicineViewController.swift */,
			);
			path = Health;
			sourceTree = "<group>";
		};
		9DD4CB8F21D1A76400C15430 /* BTSetting */ = {
			isa = PBXGroup;
			children = (
				9DD4CB9421D275BD00C15430 /* SubView */,
				9DD4CB9C21D278AC00C15430 /* BTDevice.storyboard */,
				9D1F88F721D116880033721E /* DeviceListViewController.swift */,
				9DA359B621D3CB600090A7DD /* DeviceSettingViewController.swift */,
				9DA359BA21D3ECF10090A7DD /* BTListViewController.swift */,
			);
			path = BTSetting;
			sourceTree = "<group>";
		};
		9DD4CB9421D275BD00C15430 /* SubView */ = {
			isa = PBXGroup;
			children = (
				9DD4CB9521D275D900C15430 /* DeviceCell.xib */,
				9DD4CB9721D2776200C15430 /* DeviceCell.swift */,
			);
			path = SubView;
			sourceTree = "<group>";
		};
		9DD4CB9921D2782800C15430 /* Object */ = {
			isa = PBXGroup;
			children = (
				9D5F395121DE8E070089C423 /* SegmentController */,
				9D8E868821D4F56000C0034D /* API */,
				9D297A1421D4AF4E00E34260 /* DS-DIGIB.TTF */,
				9DA359B021D3A7020090A7DD /* RSideViewController.swift */,
				9DA359B821D3CD830090A7DD /* UserInfo.swift */,
				9DAF143621DBDEF7009EDB72 /* SoprtType.swift */,
				9D694E6221DD142B004D66DC /* CustomSlider.swift */,
				9D5F394D21DE755A0089C423 /* CameraController.swift */,
			);
			path = Object;
			sourceTree = "<group>";
		};
		9DD4CBA021D27A3600C15430 /* Menu */ = {
			isa = PBXGroup;
			children = (
				9D5F394421DE49DC0089C423 /* SubView */,
				9DD4CBA321D2936600C15430 /* Menu.storyboard */,
				9DD4CBA521D2938A00C15430 /* MenuViewController.swift */,
				9DA359B421D3C42E0090A7DD /* AboutViewController.swift */,
				9DED548A21D544600060B4B8 /* CameraViewController.swift */,
				9DC3B7DC21D76618001DD0E4 /* SettingViewController.swift */,
				9D5F394F21DE831E0089C423 /* CalendarViewController.swift */,
				9D6318AC21E1A9A20073C1BD /* FrequencyViewController.swift */,
				9D11BF3D21E1CC810081A1C1 /* ClockViewController.swift */,
				9D11BF3F21E1CD0A0081A1C1 /* ClockTypeViewController.swift */,
				9D93F46121E1EAE800E34100 /* ClockTimeSetViewController.swift */,
				9D93F46521E1F4DE00E34100 /* SedentaryViewController.swift */,
			);
			path = Menu;
			sourceTree = "<group>";
		};
		9DD4CBA921D294F300C15430 /* Start */ = {
			isa = PBXGroup;
			children = (
				9D2B806521D7B37300F63685 /* SubView */,
				9D86988921D65FBA00892773 /* DataModel */,
				9D1F88F521D10EBD0033721E /* StartViewController.swift */,
				9DD4CBA721D294D300C15430 /* MainTabBarViewController.swift */,
				9D86987F21D64AEC00892773 /* WalkViewController.swift */,
				9D86988121D64AFD00892773 /* SportViewController.swift */,
				9D86988321D64B0700892773 /* SleepViewController.swift */,
				9D86988521D64B4E00892773 /* HeartViewController.swift */,
				9D86988721D64B8700892773 /* SugerViewController.swift */,
			);
			path = Start;
			sourceTree = "<group>";
		};
		B302546921DD092400A2AB89 /* Item */ = {
			isa = PBXGroup;
			children = (
				B302546A21DD092400A2AB89 /* GlobalProperty.swift */,
				B302546B21DD092400A2AB89 /* CoreDataManage.swift */,
				B302546C21DD092400A2AB89 /* HCHCommonManager.swift */,
				B302546D21DD092400A2AB89 /* TimeCallManager.swift */,
				B302546E21DD092400A2AB89 /* SQLdataManager.swift */,
				B302546F21DD092400A2AB89 /* Bluetooth */,
				B302547D21DD092400A2AB89 /* Model */,
				B302548021DD092400A2AB89 /* PZCityTool */,
			);
			path = Item;
			sourceTree = "<group>";
		};
		B302546F21DD092400A2AB89 /* Bluetooth */ = {
			isa = PBXGroup;
			children = (
				B302547221DD092400A2AB89 /* BluetoothScan.swift */,
				B302547021DD092400A2AB89 /* BluetoothManager.swift */,
				B302547321DD092400A2AB89 /* CositeaBlueTooth.swift */,
				B302547121DD092400A2AB89 /* CositeaBluetoothManager.swift */,
				B302547C21DD092400A2AB89 /* PZBlueToothManager.swift */,
				B302547421DD092400A2AB89 /* ddd.swift */,
				B302547521DD092400A2AB89 /* Model */,
			);
			path = Bluetooth;
			sourceTree = "<group>";
		};
		B302547521DD092400A2AB89 /* Model */ = {
			isa = PBXGroup;
			children = (
				B302547621DD092400A2AB89 /* OffLineDataModel.swift */,
				B302547721DD092400A2AB89 /* CustomAlarmModel.swift */,
				B302547821DD092400A2AB89 /* SleepModel.swift */,
				B302547921DD092400A2AB89 /* SedentaryModel.swift */,
				B302547A21DD092400A2AB89 /* PerModel.swift */,
				B302547B21DD092400A2AB89 /* DayOverViewDataModel.swift */,
			);
			path = Model;
			sourceTree = "<group>";
		};
		B302547D21DD092400A2AB89 /* Model */ = {
			isa = PBXGroup;
			children = (
				B302547E21DD092400A2AB89 /* BloodPressureModel.swift */,
				B302547F21DD092400A2AB89 /* SportModelMap.swift */,
			);
			path = Model;
			sourceTree = "<group>";
		};
		B302548021DD092400A2AB89 /* PZCityTool */ = {
			isa = PBXGroup;
			children = (
				B302548121DD092400A2AB89 /* WeatherDays.swift */,
				B302548221DD092400A2AB89 /* WeatherDay.swift */,
				B302548321DD092400A2AB89 /* PZWeatherModel.swift */,
			);
			path = PZCityTool;
			sourceTree = "<group>";
		};
/* End PBXGroup section */

/* Begin PBXNativeTarget section */
		9D6E270E21D1072B00F22ABD /* hncloud */ = {
			isa = PBXNativeTarget;
			buildConfigurationList = 9D6E273721D1072D00F22ABD /* Build configuration list for PBXNativeTarget "hncloud" */;
			buildPhases = (
				B276FE84AC7288C03D610588 /* [CP] Check Pods Manifest.lock */,
				9D6E270B21D1072B00F22ABD /* Sources */,
				9D6E270C21D1072B00F22ABD /* Frameworks */,
				9D6E270D21D1072B00F22ABD /* Resources */,
				16489C98BA5D2BC1626F1B87 /* [CP] Embed Pods Frameworks */,
			);
			buildRules = (
			);
			dependencies = (
			);
			name = hncloud;
			productName = hncloud;
			productReference = 9D6E270F21D1072B00F22ABD /* hncloud.app */;
			productType = "com.apple.product-type.application";
		};
		9D6E272221D1072C00F22ABD /* hncloudTests */ = {
			isa = PBXNativeTarget;
			buildConfigurationList = 9D6E273A21D1072D00F22ABD /* Build configuration list for PBXNativeTarget "hncloudTests" */;
			buildPhases = (
				6BFAB92A5E9358EC41818FB9 /* [CP] Check Pods Manifest.lock */,
				9D6E271F21D1072C00F22ABD /* Sources */,
				9D6E272021D1072C00F22ABD /* Frameworks */,
				9D6E272121D1072C00F22ABD /* Resources */,
			);
			buildRules = (
			);
			dependencies = (
				9D6E272521D1072C00F22ABD /* PBXTargetDependency */,
			);
			name = hncloudTests;
			productName = hncloudTests;
			productReference = 9D6E272321D1072C00F22ABD /* hncloudTests.xctest */;
			productType = "com.apple.product-type.bundle.unit-test";
		};
		9D6E272D21D1072D00F22ABD /* hncloudUITests */ = {
			isa = PBXNativeTarget;
			buildConfigurationList = 9D6E273D21D1072D00F22ABD /* Build configuration list for PBXNativeTarget "hncloudUITests" */;
			buildPhases = (
				126B2575000D955336EE2D25 /* [CP] Check Pods Manifest.lock */,
				9D6E272A21D1072D00F22ABD /* Sources */,
				9D6E272B21D1072D00F22ABD /* Frameworks */,
				9D6E272C21D1072D00F22ABD /* Resources */,
			);
			buildRules = (
			);
			dependencies = (
				9D6E273021D1072D00F22ABD /* PBXTargetDependency */,
			);
			name = hncloudUITests;
			productName = hncloudUITests;
			productReference = 9D6E272E21D1072D00F22ABD /* hncloudUITests.xctest */;
			productType = "com.apple.product-type.bundle.ui-testing";
		};
/* End PBXNativeTarget section */

/* Begin PBXProject section */
		9D6E270721D1072B00F22ABD /* Project object */ = {
			isa = PBXProject;
			attributes = {
				LastSwiftUpdateCheck = 1010;
				LastUpgradeCheck = 1010;
				ORGANIZATIONNAME = HNCloud;
				TargetAttributes = {
					9D6E270E21D1072B00F22ABD = {
						CreatedOnToolsVersion = 10.1;
					};
					9D6E272221D1072C00F22ABD = {
						CreatedOnToolsVersion = 10.1;
						TestTargetID = 9D6E270E21D1072B00F22ABD;
					};
					9D6E272D21D1072D00F22ABD = {
						CreatedOnToolsVersion = 10.1;
						TestTargetID = 9D6E270E21D1072B00F22ABD;
					};
				};
			};
			buildConfigurationList = 9D6E270A21D1072B00F22ABD /* Build configuration list for PBXProject "hncloud" */;
			compatibilityVersion = "Xcode 9.3";
			developmentRegion = en;
			hasScannedForEncodings = 0;
			knownRegions = (
				en,
				Base,
			);
			mainGroup = 9D6E270621D1072B00F22ABD;
			productRefGroup = 9D6E271021D1072B00F22ABD /* Products */;
			projectDirPath = "";
			projectRoot = "";
			targets = (
				9D6E270E21D1072B00F22ABD /* hncloud */,
				9D6E272221D1072C00F22ABD /* hncloudTests */,
				9D6E272D21D1072D00F22ABD /* hncloudUITests */,
			);
		};
/* End PBXProject section */

/* Begin PBXResourcesBuildPhase section */
		9D6E270D21D1072B00F22ABD /* Resources */ = {
			isa = PBXResourcesBuildPhase;
			buildActionMask = 2147483647;
			files = (
				9D2226A621E120BD0087B66A /* SleepMarkerView.xib in Resources */,
				9D2226AA21E12D060087B66A /* SettingCell.xib in Resources */,
				9D6318A921E19A930073C1BD /* HeartCell.xib in Resources */,
				9D80783221E0E729007CF885 /* StepsMarkerView.xib in Resources */,
				9DD4CBA421D2936600C15430 /* Menu.storyboard in Resources */,
				9D1F890521D14B440033721E /* Login.storyboard in Resources */,
				9D6E271D21D1072C00F22ABD /* LaunchScreen.storyboard in Resources */,
				9D297A1521D4AF4E00E34260 /* DS-DIGIB.TTF in Resources */,
				B30A854B21E61EFD00C2DC00 /* SedentaryCell.xib in Resources */,
				9D6E271A21D1072C00F22ABD /* Assets.xcassets in Resources */,
				9D6E271821D1072B00F22ABD /* Main.storyboard in Resources */,
				9D5F396121DE8E080089C423 /* RSegmentCell.xib in Resources */,
				9DC3B7D921D73C6F001DD0E4 /* Health.storyboard in Resources */,
				9DD4CB9D21D278AC00C15430 /* BTDevice.storyboard in Resources */,
				9D11BF3A21E1C9CA0081A1C1 /* SetRemindCell.xib in Resources */,
				9D6318B321E1B47D0073C1BD /* MessageCell.xib in Resources */,
				9D6318AF21E1B2C20073C1BD /* PhoneCell.xib in Resources */,
				9DD4CB9621D275D900C15430 /* DeviceCell.xib in Resources */,
				9D5F394621DE4A030089C423 /* SwitchCell.xib in Resources */,
			);
			runOnlyForDeploymentPostprocessing = 0;
		};
		9D6E272121D1072C00F22ABD /* Resources */ = {
			isa = PBXResourcesBuildPhase;
			buildActionMask = 2147483647;
			files = (
			);
			runOnlyForDeploymentPostprocessing = 0;
		};
		9D6E272C21D1072D00F22ABD /* Resources */ = {
			isa = PBXResourcesBuildPhase;
			buildActionMask = 2147483647;
			files = (
			);
			runOnlyForDeploymentPostprocessing = 0;
		};
/* End PBXResourcesBuildPhase section */

/* Begin PBXShellScriptBuildPhase section */
		126B2575000D955336EE2D25 /* [CP] Check Pods Manifest.lock */ = {
			isa = PBXShellScriptBuildPhase;
			buildActionMask = 2147483647;
			files = (
			);
			inputPaths = (
				"${PODS_PODFILE_DIR_PATH}/Podfile.lock",
				"${PODS_ROOT}/Manifest.lock",
			);
			name = "[CP] Check Pods Manifest.lock";
			outputPaths = (
				"$(DERIVED_FILE_DIR)/Pods-hncloudUITests-checkManifestLockResult.txt",
			);
			runOnlyForDeploymentPostprocessing = 0;
			shellPath = /bin/sh;
			shellScript = "diff \"${PODS_PODFILE_DIR_PATH}/Podfile.lock\" \"${PODS_ROOT}/Manifest.lock\" > /dev/null\nif [ $? != 0 ] ; then\n    # print error to STDERR\n    echo \"error: The sandbox is not in sync with the Podfile.lock. Run 'pod install' or update your CocoaPods installation.\" >&2\n    exit 1\nfi\n# This output is used by Xcode 'outputs' to avoid re-running this script phase.\necho \"SUCCESS\" > \"${SCRIPT_OUTPUT_FILE_0}\"\n";
			showEnvVarsInLog = 0;
		};
		16489C98BA5D2BC1626F1B87 /* [CP] Embed Pods Frameworks */ = {
			isa = PBXShellScriptBuildPhase;
			buildActionMask = 2147483647;
			files = (
			);
			inputPaths = (
				"${SRCROOT}/Pods/Target Support Files/Pods-hncloud/Pods-hncloud-frameworks.sh",
				"${BUILT_PRODUCTS_DIR}/ActionSheetPicker-3.0/ActionSheetPicker_3_0.framework",
				"${BUILT_PRODUCTS_DIR}/Alamofire/Alamofire.framework",
				"${BUILT_PRODUCTS_DIR}/Alamofire-SwiftyJSON/Alamofire_SwiftyJSON.framework",
				"${BUILT_PRODUCTS_DIR}/CVCalendar/CVCalendar.framework",
				"${BUILT_PRODUCTS_DIR}/Charts/Charts.framework",
				"${BUILT_PRODUCTS_DIR}/FMDB/FMDB.framework",
				"${BUILT_PRODUCTS_DIR}/IQKeyboardManagerSwift/IQKeyboardManagerSwift.framework",
				"${BUILT_PRODUCTS_DIR}/JMDropMenu/JMDropMenu.framework",
				"${BUILT_PRODUCTS_DIR}/KRActivityIndicatorView/KRActivityIndicatorView.framework",
				"${BUILT_PRODUCTS_DIR}/KRProgressHUD/KRProgressHUD.framework",
				"${BUILT_PRODUCTS_DIR}/KeychainSwift/KeychainSwift.framework",
				"${BUILT_PRODUCTS_DIR}/Localize-Swift/Localize_Swift.framework",
				"${BUILT_PRODUCTS_DIR}/SDWebImage/SDWebImage.framework",
				"${BUILT_PRODUCTS_DIR}/StepSlider/StepSlider.framework",
				"${BUILT_PRODUCTS_DIR}/SwiftMessages/SwiftMessages.framework",
				"${BUILT_PRODUCTS_DIR}/SwifterSwift/SwifterSwift.framework",
				"${BUILT_PRODUCTS_DIR}/SwiftyJSON/SwiftyJSON.framework",
				"${BUILT_PRODUCTS_DIR}/ZZCircleProgress/ZZCircleProgress.framework",
			);
			name = "[CP] Embed Pods Frameworks";
			outputPaths = (
				"${TARGET_BUILD_DIR}/${FRAMEWORKS_FOLDER_PATH}/ActionSheetPicker_3_0.framework",
				"${TARGET_BUILD_DIR}/${FRAMEWORKS_FOLDER_PATH}/Alamofire.framework",
				"${TARGET_BUILD_DIR}/${FRAMEWORKS_FOLDER_PATH}/Alamofire_SwiftyJSON.framework",
				"${TARGET_BUILD_DIR}/${FRAMEWORKS_FOLDER_PATH}/CVCalendar.framework",
				"${TARGET_BUILD_DIR}/${FRAMEWORKS_FOLDER_PATH}/Charts.framework",
				"${TARGET_BUILD_DIR}/${FRAMEWORKS_FOLDER_PATH}/FMDB.framework",
				"${TARGET_BUILD_DIR}/${FRAMEWORKS_FOLDER_PATH}/IQKeyboardManagerSwift.framework",
				"${TARGET_BUILD_DIR}/${FRAMEWORKS_FOLDER_PATH}/JMDropMenu.framework",
				"${TARGET_BUILD_DIR}/${FRAMEWORKS_FOLDER_PATH}/KRActivityIndicatorView.framework",
				"${TARGET_BUILD_DIR}/${FRAMEWORKS_FOLDER_PATH}/KRProgressHUD.framework",
				"${TARGET_BUILD_DIR}/${FRAMEWORKS_FOLDER_PATH}/KeychainSwift.framework",
				"${TARGET_BUILD_DIR}/${FRAMEWORKS_FOLDER_PATH}/Localize_Swift.framework",
				"${TARGET_BUILD_DIR}/${FRAMEWORKS_FOLDER_PATH}/SDWebImage.framework",
				"${TARGET_BUILD_DIR}/${FRAMEWORKS_FOLDER_PATH}/StepSlider.framework",
				"${TARGET_BUILD_DIR}/${FRAMEWORKS_FOLDER_PATH}/SwiftMessages.framework",
				"${TARGET_BUILD_DIR}/${FRAMEWORKS_FOLDER_PATH}/SwifterSwift.framework",
				"${TARGET_BUILD_DIR}/${FRAMEWORKS_FOLDER_PATH}/SwiftyJSON.framework",
				"${TARGET_BUILD_DIR}/${FRAMEWORKS_FOLDER_PATH}/ZZCircleProgress.framework",
			);
			runOnlyForDeploymentPostprocessing = 0;
			shellPath = /bin/sh;
			shellScript = "\"${SRCROOT}/Pods/Target Support Files/Pods-hncloud/Pods-hncloud-frameworks.sh\"\n";
			showEnvVarsInLog = 0;
		};
		6BFAB92A5E9358EC41818FB9 /* [CP] Check Pods Manifest.lock */ = {
			isa = PBXShellScriptBuildPhase;
			buildActionMask = 2147483647;
			files = (
			);
			inputPaths = (
				"${PODS_PODFILE_DIR_PATH}/Podfile.lock",
				"${PODS_ROOT}/Manifest.lock",
			);
			name = "[CP] Check Pods Manifest.lock";
			outputPaths = (
				"$(DERIVED_FILE_DIR)/Pods-hncloudTests-checkManifestLockResult.txt",
			);
			runOnlyForDeploymentPostprocessing = 0;
			shellPath = /bin/sh;
			shellScript = "diff \"${PODS_PODFILE_DIR_PATH}/Podfile.lock\" \"${PODS_ROOT}/Manifest.lock\" > /dev/null\nif [ $? != 0 ] ; then\n    # print error to STDERR\n    echo \"error: The sandbox is not in sync with the Podfile.lock. Run 'pod install' or update your CocoaPods installation.\" >&2\n    exit 1\nfi\n# This output is used by Xcode 'outputs' to avoid re-running this script phase.\necho \"SUCCESS\" > \"${SCRIPT_OUTPUT_FILE_0}\"\n";
			showEnvVarsInLog = 0;
		};
		B276FE84AC7288C03D610588 /* [CP] Check Pods Manifest.lock */ = {
			isa = PBXShellScriptBuildPhase;
			buildActionMask = 2147483647;
			files = (
			);
			inputPaths = (
				"${PODS_PODFILE_DIR_PATH}/Podfile.lock",
				"${PODS_ROOT}/Manifest.lock",
			);
			name = "[CP] Check Pods Manifest.lock";
			outputPaths = (
				"$(DERIVED_FILE_DIR)/Pods-hncloud-checkManifestLockResult.txt",
			);
			runOnlyForDeploymentPostprocessing = 0;
			shellPath = /bin/sh;
			shellScript = "diff \"${PODS_PODFILE_DIR_PATH}/Podfile.lock\" \"${PODS_ROOT}/Manifest.lock\" > /dev/null\nif [ $? != 0 ] ; then\n    # print error to STDERR\n    echo \"error: The sandbox is not in sync with the Podfile.lock. Run 'pod install' or update your CocoaPods installation.\" >&2\n    exit 1\nfi\n# This output is used by Xcode 'outputs' to avoid re-running this script phase.\necho \"SUCCESS\" > \"${SCRIPT_OUTPUT_FILE_0}\"\n";
			showEnvVarsInLog = 0;
		};
/* End PBXShellScriptBuildPhase section */

/* Begin PBXSourcesBuildPhase section */
		9D6E270B21D1072B00F22ABD /* Sources */ = {
			isa = PBXSourcesBuildPhase;
			buildActionMask = 2147483647;
			files = (
				9D651FC121D9ADB500C47536 /* SportRecordViewController.swift in Sources */,
				B302549521DD092400A2AB89 /* BloodPressureModel.swift in Sources */,
				B302549921DD092400A2AB89 /* PZWeatherModel.swift in Sources */,
				9D5F396721DE8E080089C423 /* RPluginTabBar.swift in Sources */,
				9D2226AC21E12FEA0087B66A /* SettingCell.swift in Sources */,
				9D11BF3E21E1CC810081A1C1 /* ClockViewController.swift in Sources */,
				9DAF143121DBCDC3009EDB72 /* LocalExtension.swift in Sources */,
				B302548F21DD092400A2AB89 /* CustomAlarmModel.swift in Sources */,
				B302549621DD092400A2AB89 /* SportModelMap.swift in Sources */,
				9DD4CB9121D1A89C00C15430 /* BMIInfoViewController.swift in Sources */,
				B302548521DD092400A2AB89 /* CoreDataManage.swift in Sources */,
				9D93F46621E1F4DE00E34100 /* SedentaryViewController.swift in Sources */,
				9D2B806721D7B39600F63685 /* SportCell.swift in Sources */,
				B302546721DD090F00A2AB89 /* BLETool.swift in Sources */,
				9DD4CB9321D1A8CE00C15430 /* UserInfoViewController.swift in Sources */,
				9D7D474221DF9DB900613C05 /* SearchMedicineViewController.swift in Sources */,
				9DA359BB21D3ECF10090A7DD /* BTListViewController.swift in Sources */,
				9D5F395021DE831E0089C423 /* CalendarViewController.swift in Sources */,
				9D297A1321D4AAC600E34260 /* ArrayExtension.swift in Sources */,
				9D6318B521E1B4B70073C1BD /* MessageCell.swift in Sources */,
				9D11BF3C21E1C9E60081A1C1 /* SetRemindCell.swift in Sources */,
				9DC3B7D621D72D3B001DD0E4 /* BloodPressureViewController.swift in Sources */,
				B302548921DD092400A2AB89 /* BluetoothManager.swift in Sources */,
				9DD4CBA821D294D300C15430 /* MainTabBarViewController.swift in Sources */,
				9D80783021E0B8E2007CF885 /* MarkerView.swift in Sources */,
				9D6318AB21E19AB40073C1BD /* HeartCell.swift in Sources */,
				9D1F890321D14AFE0033721E /* LoginViewController.swift in Sources */,
				9DED548721D500E30060B4B8 /* HealthAPI.swift in Sources */,
				B302549121DD092400A2AB89 /* SedentaryModel.swift in Sources */,
				9DED548521D4FD050060B4B8 /* MedicineAPI.swift in Sources */,
				B30A854A21E61EFD00C2DC00 /* SedentaryCell.swift in Sources */,
				9DED548321D4F9640060B4B8 /* UserInfoAPI.swift in Sources */,
				B302548D21DD092400A2AB89 /* ddd.swift in Sources */,
				9D86988821D64B8700892773 /* SugerViewController.swift in Sources */,
				B302548821DD092400A2AB89 /* SQLdataManager.swift in Sources */,
				B302549321DD092400A2AB89 /* DayOverViewDataModel.swift in Sources */,
				B302548721DD092400A2AB89 /* TimeCallManager.swift in Sources */,
				9D86988B21D65FD200892773 /* SugerData.swift in Sources */,
				9DA359B121D3A7020090A7DD /* RSideViewController.swift in Sources */,
				B322199A21E0D3F9000BF41B /* StringExtension.swift in Sources */,
				9D1F890B21D157B70033721E /* RegisterViewController.swift in Sources */,
				9DAF143521DBD69C009EDB72 /* DateExtension.swift in Sources */,
				9D86988221D64AFD00892773 /* SportViewController.swift in Sources */,
				9D86988421D64B0700892773 /* SleepViewController.swift in Sources */,
				9D11BF4021E1CD0A0081A1C1 /* ClockTypeViewController.swift in Sources */,
				9DD4CBA221D27A9100C15430 /* UIWindowExtension.swift in Sources */,
				9D1F88F821D116880033721E /* DeviceListViewController.swift in Sources */,
				B302548B21DD092400A2AB89 /* BluetoothScan.swift in Sources */,
				B302549421DD092400A2AB89 /* PZBlueToothManager.swift in Sources */,
				9D5F396321DE8E080089C423 /* RSegmentCell.swift in Sources */,
				9DD4CB9F21D2797700C15430 /* UITableViewExtension.swift in Sources */,
				9D5F396921DE8E080089C423 /* RPagingViewControllerPlugin.swift in Sources */,
				9D2226A821E120CD0087B66A /* SleepMarkerView.swift in Sources */,
				9DED548B21D544600060B4B8 /* CameraViewController.swift in Sources */,
				9DD4CB9821D2776200C15430 /* DeviceCell.swift in Sources */,
				9D93F46221E1EAE800E34100 /* ClockTimeSetViewController.swift in Sources */,
				9D5F395F21DE8E080089C423 /* RPagingViewController.swift in Sources */,
				9D1F88FB21D116F60033721E /* UIViewControllerExtension.swift in Sources */,
				9D5F396221DE8E080089C423 /* RSegmentOption.swift in Sources */,
				9DC3B7DB21D73C95001DD0E4 /* HeartCurveViewController.swift in Sources */,
				9D86988021D64AEC00892773 /* WalkViewController.swift in Sources */,
				B302548421DD092400A2AB89 /* GlobalProperty.swift in Sources */,
				9DAF143321DBCF81009EDB72 /* UITextFieldExtension.swift in Sources */,
				9DA359B721D3CB600090A7DD /* DeviceSettingViewController.swift in Sources */,
				9D616CAB21DA7C3D00BB1C26 /* ModifyPasswordViewController.swift in Sources */,
				9D86988621D64B4E00892773 /* HeartViewController.swift in Sources */,
				9D6E271321D1072B00F22ABD /* AppDelegate.swift in Sources */,
				B302549821DD092400A2AB89 /* WeatherDay.swift in Sources */,
				B302548E21DD092400A2AB89 /* OffLineDataModel.swift in Sources */,
				9D5F396521DE8E080089C423 /* RSegmentProtocol.swift in Sources */,
				9DAF143E21DBE411009EDB72 /* SportItemCell.swift in Sources */,
				9DD4CBA621D2938A00C15430 /* MenuViewController.swift in Sources */,
				9D6318B121E1B2D30073C1BD /* PhoneCell.swift in Sources */,
				9D5F396621DE8E080089C423 /* RPluginHeaderScroll.swift in Sources */,
				9DA359B321D3C2920090A7DD /* UIViewExtension.swift in Sources */,
				9D1F88F621D10EBD0033721E /* StartViewController.swift in Sources */,
				9D80783421E0E7C3007CF885 /* StepsMarkerView.swift in Sources */,
				9D5F396421DE8E080089C423 /* RSegment.swift in Sources */,
				9D1F890721D14BDE0033721E /* LoginMenuViewController.swift in Sources */,
				9D6318AD21E1A9A20073C1BD /* FrequencyViewController.swift in Sources */,
				9D8E868721D4F53B00C0034D /* API.swift in Sources */,
				9DAF143721DBDEF7009EDB72 /* SoprtType.swift in Sources */,
				B302549721DD092400A2AB89 /* WeatherDays.swift in Sources */,
				B302549021DD092400A2AB89 /* SleepModel.swift in Sources */,
				B302548A21DD092400A2AB89 /* CositeaBluetoothManager.swift in Sources */,
				B302549221DD092400A2AB89 /* PerModel.swift in Sources */,
				B302548C21DD092400A2AB89 /* CositeaBlueTooth.swift in Sources */,
				9D93F46421E1EC8A00E34100 /* TimeCell.swift in Sources */,
				9D5F396021DE8E080089C423 /* PagingProtocal.swift in Sources */,
				9D1F88FD21D11E1B0033721E /* UIImageExtension.swift in Sources */,
				9DAF143921DBE235009EDB72 /* SportSelectedViewController.swift in Sources */,
				9D5F396D21DE8EBD0089C423 /* CurveChildViewController.swift in Sources */,
				9D1F890021D13FAE0033721E /* AppDelegate+Basic.swift in Sources */,
				9D5F396821DE8E080089C423 /* PagingExtension.swift in Sources */,
				9D694E6321DD142B004D66DC /* CustomSlider.swift in Sources */,
				9D5F396B21DE8E2E0089C423 /* CurveViewController.swift in Sources */,
				9DA359B521D3C42E0090A7DD /* AboutViewController.swift in Sources */,
				9D694E6521DD2E21004D66DC /* TargetViewController.swift in Sources */,
				9DC3B7DD21D76618001DD0E4 /* SettingViewController.swift in Sources */,
				9DA359B921D3CD830090A7DD /* UserInfo.swift in Sources */,
				B302546821DD090F00A2AB89 /* AllTool.swift in Sources */,
				9D1F890921D1575E0033721E /* FoundPasswordViewController.swift in Sources */,
				B302548621DD092400A2AB89 /* HCHCommonManager.swift in Sources */,
				B302546621DD090F00A2AB89 /* ToolBox.swift in Sources */,
				9D5F394E21DE755A0089C423 /* CameraController.swift in Sources */,
				9D7D474421DFA17200613C05 /* MedicineCellCell.swift in Sources */,
				9D5F394821DE4B5D0089C423 /* SwitchCell.swift in Sources */,
			);
			runOnlyForDeploymentPostprocessing = 0;
		};
		9D6E271F21D1072C00F22ABD /* Sources */ = {
			isa = PBXSourcesBuildPhase;
			buildActionMask = 2147483647;
			files = (
				9D6E272821D1072C00F22ABD /* hncloudTests.swift in Sources */,
			);
			runOnlyForDeploymentPostprocessing = 0;
		};
		9D6E272A21D1072D00F22ABD /* Sources */ = {
			isa = PBXSourcesBuildPhase;
			buildActionMask = 2147483647;
			files = (
				9D6E273321D1072D00F22ABD /* hncloudUITests.swift in Sources */,
			);
			runOnlyForDeploymentPostprocessing = 0;
		};
/* End PBXSourcesBuildPhase section */

/* Begin PBXTargetDependency section */
		9D6E272521D1072C00F22ABD /* PBXTargetDependency */ = {
			isa = PBXTargetDependency;
			target = 9D6E270E21D1072B00F22ABD /* hncloud */;
			targetProxy = 9D6E272421D1072C00F22ABD /* PBXContainerItemProxy */;
		};
		9D6E273021D1072D00F22ABD /* PBXTargetDependency */ = {
			isa = PBXTargetDependency;
			target = 9D6E270E21D1072B00F22ABD /* hncloud */;
			targetProxy = 9D6E272F21D1072D00F22ABD /* PBXContainerItemProxy */;
		};
/* End PBXTargetDependency section */

/* Begin PBXVariantGroup section */
		9D6E271621D1072B00F22ABD /* Main.storyboard */ = {
			isa = PBXVariantGroup;
			children = (
				9D6E271721D1072B00F22ABD /* Base */,
			);
			name = Main.storyboard;
			sourceTree = "<group>";
		};
		9D6E271B21D1072C00F22ABD /* LaunchScreen.storyboard */ = {
			isa = PBXVariantGroup;
			children = (
				9D6E271C21D1072C00F22ABD /* Base */,
			);
			name = LaunchScreen.storyboard;
			sourceTree = "<group>";
		};
/* End PBXVariantGroup section */

/* Begin XCBuildConfiguration section */
		9D6E273521D1072D00F22ABD /* Debug */ = {
			isa = XCBuildConfiguration;
			buildSettings = {
				ALWAYS_SEARCH_USER_PATHS = NO;
				CLANG_ANALYZER_LOCALIZABILITY_NONLOCALIZED = YES;
				CLANG_ANALYZER_NONNULL = YES;
				CLANG_ANALYZER_NUMBER_OBJECT_CONVERSION = YES_AGGRESSIVE;
				CLANG_CXX_LANGUAGE_STANDARD = "gnu++14";
				CLANG_CXX_LIBRARY = "libc++";
				CLANG_ENABLE_MODULES = YES;
				CLANG_ENABLE_OBJC_ARC = YES;
				CLANG_ENABLE_OBJC_WEAK = YES;
				CLANG_WARN_BLOCK_CAPTURE_AUTORELEASING = YES;
				CLANG_WARN_BOOL_CONVERSION = YES;
				CLANG_WARN_COMMA = YES;
				CLANG_WARN_CONSTANT_CONVERSION = YES;
				CLANG_WARN_DEPRECATED_OBJC_IMPLEMENTATIONS = YES;
				CLANG_WARN_DIRECT_OBJC_ISA_USAGE = YES_ERROR;
				CLANG_WARN_DOCUMENTATION_COMMENTS = YES;
				CLANG_WARN_EMPTY_BODY = YES;
				CLANG_WARN_ENUM_CONVERSION = YES;
				CLANG_WARN_INFINITE_RECURSION = YES;
				CLANG_WARN_INT_CONVERSION = YES;
				CLANG_WARN_NON_LITERAL_NULL_CONVERSION = YES;
				CLANG_WARN_OBJC_IMPLICIT_RETAIN_SELF = YES;
				CLANG_WARN_OBJC_LITERAL_CONVERSION = YES;
				CLANG_WARN_OBJC_ROOT_CLASS = YES_ERROR;
				CLANG_WARN_RANGE_LOOP_ANALYSIS = YES;
				CLANG_WARN_STRICT_PROTOTYPES = YES;
				CLANG_WARN_SUSPICIOUS_MOVE = YES;
				CLANG_WARN_UNGUARDED_AVAILABILITY = YES_AGGRESSIVE;
				CLANG_WARN_UNREACHABLE_CODE = YES;
				CLANG_WARN__DUPLICATE_METHOD_MATCH = YES;
				CODE_SIGN_IDENTITY = "iPhone Developer";
				COPY_PHASE_STRIP = NO;
				DEBUG_INFORMATION_FORMAT = dwarf;
				ENABLE_STRICT_OBJC_MSGSEND = YES;
				ENABLE_TESTABILITY = YES;
				GCC_C_LANGUAGE_STANDARD = gnu11;
				GCC_DYNAMIC_NO_PIC = NO;
				GCC_NO_COMMON_BLOCKS = YES;
				GCC_OPTIMIZATION_LEVEL = 0;
				GCC_PREPROCESSOR_DEFINITIONS = (
					"DEBUG=1",
					"$(inherited)",
				);
				GCC_WARN_64_TO_32_BIT_CONVERSION = YES;
				GCC_WARN_ABOUT_RETURN_TYPE = YES_ERROR;
				GCC_WARN_UNDECLARED_SELECTOR = YES;
				GCC_WARN_UNINITIALIZED_AUTOS = YES_AGGRESSIVE;
				GCC_WARN_UNUSED_FUNCTION = YES;
				GCC_WARN_UNUSED_VARIABLE = YES;
				IPHONEOS_DEPLOYMENT_TARGET = 12.1;
				MTL_ENABLE_DEBUG_INFO = INCLUDE_SOURCE;
				MTL_FAST_MATH = YES;
				ONLY_ACTIVE_ARCH = YES;
				SDKROOT = iphoneos;
				SWIFT_ACTIVE_COMPILATION_CONDITIONS = DEBUG;
				SWIFT_OPTIMIZATION_LEVEL = "-Onone";
			};
			name = Debug;
		};
		9D6E273621D1072D00F22ABD /* Release */ = {
			isa = XCBuildConfiguration;
			buildSettings = {
				ALWAYS_SEARCH_USER_PATHS = NO;
				CLANG_ANALYZER_LOCALIZABILITY_NONLOCALIZED = YES;
				CLANG_ANALYZER_NONNULL = YES;
				CLANG_ANALYZER_NUMBER_OBJECT_CONVERSION = YES_AGGRESSIVE;
				CLANG_CXX_LANGUAGE_STANDARD = "gnu++14";
				CLANG_CXX_LIBRARY = "libc++";
				CLANG_ENABLE_MODULES = YES;
				CLANG_ENABLE_OBJC_ARC = YES;
				CLANG_ENABLE_OBJC_WEAK = YES;
				CLANG_WARN_BLOCK_CAPTURE_AUTORELEASING = YES;
				CLANG_WARN_BOOL_CONVERSION = YES;
				CLANG_WARN_COMMA = YES;
				CLANG_WARN_CONSTANT_CONVERSION = YES;
				CLANG_WARN_DEPRECATED_OBJC_IMPLEMENTATIONS = YES;
				CLANG_WARN_DIRECT_OBJC_ISA_USAGE = YES_ERROR;
				CLANG_WARN_DOCUMENTATION_COMMENTS = YES;
				CLANG_WARN_EMPTY_BODY = YES;
				CLANG_WARN_ENUM_CONVERSION = YES;
				CLANG_WARN_INFINITE_RECURSION = YES;
				CLANG_WARN_INT_CONVERSION = YES;
				CLANG_WARN_NON_LITERAL_NULL_CONVERSION = YES;
				CLANG_WARN_OBJC_IMPLICIT_RETAIN_SELF = YES;
				CLANG_WARN_OBJC_LITERAL_CONVERSION = YES;
				CLANG_WARN_OBJC_ROOT_CLASS = YES_ERROR;
				CLANG_WARN_RANGE_LOOP_ANALYSIS = YES;
				CLANG_WARN_STRICT_PROTOTYPES = YES;
				CLANG_WARN_SUSPICIOUS_MOVE = YES;
				CLANG_WARN_UNGUARDED_AVAILABILITY = YES_AGGRESSIVE;
				CLANG_WARN_UNREACHABLE_CODE = YES;
				CLANG_WARN__DUPLICATE_METHOD_MATCH = YES;
				CODE_SIGN_IDENTITY = "iPhone Developer";
				COPY_PHASE_STRIP = NO;
				DEBUG_INFORMATION_FORMAT = "dwarf-with-dsym";
				ENABLE_NS_ASSERTIONS = NO;
				ENABLE_STRICT_OBJC_MSGSEND = YES;
				GCC_C_LANGUAGE_STANDARD = gnu11;
				GCC_NO_COMMON_BLOCKS = YES;
				GCC_WARN_64_TO_32_BIT_CONVERSION = YES;
				GCC_WARN_ABOUT_RETURN_TYPE = YES_ERROR;
				GCC_WARN_UNDECLARED_SELECTOR = YES;
				GCC_WARN_UNINITIALIZED_AUTOS = YES_AGGRESSIVE;
				GCC_WARN_UNUSED_FUNCTION = YES;
				GCC_WARN_UNUSED_VARIABLE = YES;
				IPHONEOS_DEPLOYMENT_TARGET = 12.1;
				MTL_ENABLE_DEBUG_INFO = NO;
				MTL_FAST_MATH = YES;
				SDKROOT = iphoneos;
				SWIFT_COMPILATION_MODE = wholemodule;
				SWIFT_OPTIMIZATION_LEVEL = "-O";
				VALIDATE_PRODUCT = YES;
			};
			name = Release;
		};
		9D6E273821D1072D00F22ABD /* Debug */ = {
			isa = XCBuildConfiguration;
			baseConfigurationReference = 56F47AF46006072272727B29 /* Pods-hncloud.debug.xcconfig */;
			buildSettings = {
				ASSETCATALOG_COMPILER_APPICON_NAME = AppIcon;
				CODE_SIGN_STYLE = Automatic;
				DEVELOPMENT_TEAM = F52E4Q5G5P;
				INFOPLIST_FILE = hncloud/Info.plist;
				IPHONEOS_DEPLOYMENT_TARGET = 11.0;
				LD_RUNPATH_SEARCH_PATHS = (
					"$(inherited)",
					"@executable_path/Frameworks",
				);
				PRODUCT_BUNDLE_IDENTIFIER = cloud.hncare.hncloud.testt;
				PRODUCT_NAME = "$(TARGET_NAME)";
				SWIFT_VERSION = 4.2;
				TARGETED_DEVICE_FAMILY = 1;
			};
			name = Debug;
		};
		9D6E273921D1072D00F22ABD /* Release */ = {
			isa = XCBuildConfiguration;
			baseConfigurationReference = 485FDD95088E138FE71246D8 /* Pods-hncloud.release.xcconfig */;
			buildSettings = {
				ASSETCATALOG_COMPILER_APPICON_NAME = AppIcon;
				CODE_SIGN_STYLE = Automatic;
				DEVELOPMENT_TEAM = F52E4Q5G5P;
				INFOPLIST_FILE = hncloud/Info.plist;
				IPHONEOS_DEPLOYMENT_TARGET = 11.0;
				LD_RUNPATH_SEARCH_PATHS = (
					"$(inherited)",
					"@executable_path/Frameworks",
				);
				PRODUCT_BUNDLE_IDENTIFIER = cloud.hncare.hncloud.testt;
				PRODUCT_NAME = "$(TARGET_NAME)";
				SWIFT_VERSION = 4.2;
				TARGETED_DEVICE_FAMILY = 1;
			};
			name = Release;
		};
		9D6E273B21D1072D00F22ABD /* Debug */ = {
			isa = XCBuildConfiguration;
			baseConfigurationReference = 750F9C00256D612CA733412B /* Pods-hncloudTests.debug.xcconfig */;
			buildSettings = {
				ALWAYS_EMBED_SWIFT_STANDARD_LIBRARIES = YES;
				BUNDLE_LOADER = "$(TEST_HOST)";
				CODE_SIGN_STYLE = Automatic;
				DEVELOPMENT_TEAM = F52E4Q5G5P;
				INFOPLIST_FILE = hncloudTests/Info.plist;
				LD_RUNPATH_SEARCH_PATHS = (
					"$(inherited)",
					"@executable_path/Frameworks",
					"@loader_path/Frameworks",
				);
				PRODUCT_BUNDLE_IDENTIFIER = cloud.hncare.hncloudTests;
				PRODUCT_NAME = "$(TARGET_NAME)";
				SWIFT_VERSION = 4.2;
				TARGETED_DEVICE_FAMILY = "1,2";
				TEST_HOST = "$(BUILT_PRODUCTS_DIR)/hncloud.app/hncloud";
			};
			name = Debug;
		};
		9D6E273C21D1072D00F22ABD /* Release */ = {
			isa = XCBuildConfiguration;
			baseConfigurationReference = 5B02C50222A994E43E762353 /* Pods-hncloudTests.release.xcconfig */;
			buildSettings = {
				ALWAYS_EMBED_SWIFT_STANDARD_LIBRARIES = YES;
				BUNDLE_LOADER = "$(TEST_HOST)";
				CODE_SIGN_STYLE = Automatic;
				DEVELOPMENT_TEAM = F52E4Q5G5P;
				INFOPLIST_FILE = hncloudTests/Info.plist;
				LD_RUNPATH_SEARCH_PATHS = (
					"$(inherited)",
					"@executable_path/Frameworks",
					"@loader_path/Frameworks",
				);
				PRODUCT_BUNDLE_IDENTIFIER = cloud.hncare.hncloudTests;
				PRODUCT_NAME = "$(TARGET_NAME)";
				SWIFT_VERSION = 4.2;
				TARGETED_DEVICE_FAMILY = "1,2";
				TEST_HOST = "$(BUILT_PRODUCTS_DIR)/hncloud.app/hncloud";
			};
			name = Release;
		};
		9D6E273E21D1072D00F22ABD /* Debug */ = {
			isa = XCBuildConfiguration;
			baseConfigurationReference = 91ADE0113789BF5F1D218A7F /* Pods-hncloudUITests.debug.xcconfig */;
			buildSettings = {
				ALWAYS_EMBED_SWIFT_STANDARD_LIBRARIES = YES;
				CODE_SIGN_STYLE = Automatic;
				DEVELOPMENT_TEAM = F52E4Q5G5P;
				INFOPLIST_FILE = hncloudUITests/Info.plist;
				LD_RUNPATH_SEARCH_PATHS = (
					"$(inherited)",
					"@executable_path/Frameworks",
					"@loader_path/Frameworks",
				);
				PRODUCT_BUNDLE_IDENTIFIER = cloud.hncare.hncloudUITests;
				PRODUCT_NAME = "$(TARGET_NAME)";
				SWIFT_VERSION = 4.2;
				TARGETED_DEVICE_FAMILY = "1,2";
				TEST_TARGET_NAME = hncloud;
			};
			name = Debug;
		};
		9D6E273F21D1072D00F22ABD /* Release */ = {
			isa = XCBuildConfiguration;
			baseConfigurationReference = 8DA28C34E687286295953C7E /* Pods-hncloudUITests.release.xcconfig */;
			buildSettings = {
				ALWAYS_EMBED_SWIFT_STANDARD_LIBRARIES = YES;
				CODE_SIGN_STYLE = Automatic;
				DEVELOPMENT_TEAM = F52E4Q5G5P;
				INFOPLIST_FILE = hncloudUITests/Info.plist;
				LD_RUNPATH_SEARCH_PATHS = (
					"$(inherited)",
					"@executable_path/Frameworks",
					"@loader_path/Frameworks",
				);
				PRODUCT_BUNDLE_IDENTIFIER = cloud.hncare.hncloudUITests;
				PRODUCT_NAME = "$(TARGET_NAME)";
				SWIFT_VERSION = 4.2;
				TARGETED_DEVICE_FAMILY = "1,2";
				TEST_TARGET_NAME = hncloud;
			};
			name = Release;
		};
/* End XCBuildConfiguration section */

/* Begin XCConfigurationList section */
		9D6E270A21D1072B00F22ABD /* Build configuration list for PBXProject "hncloud" */ = {
			isa = XCConfigurationList;
			buildConfigurations = (
				9D6E273521D1072D00F22ABD /* Debug */,
				9D6E273621D1072D00F22ABD /* Release */,
			);
			defaultConfigurationIsVisible = 0;
			defaultConfigurationName = Release;
		};
		9D6E273721D1072D00F22ABD /* Build configuration list for PBXNativeTarget "hncloud" */ = {
			isa = XCConfigurationList;
			buildConfigurations = (
				9D6E273821D1072D00F22ABD /* Debug */,
				9D6E273921D1072D00F22ABD /* Release */,
			);
			defaultConfigurationIsVisible = 0;
			defaultConfigurationName = Release;
		};
		9D6E273A21D1072D00F22ABD /* Build configuration list for PBXNativeTarget "hncloudTests" */ = {
			isa = XCConfigurationList;
			buildConfigurations = (
				9D6E273B21D1072D00F22ABD /* Debug */,
				9D6E273C21D1072D00F22ABD /* Release */,
			);
			defaultConfigurationIsVisible = 0;
			defaultConfigurationName = Release;
		};
		9D6E273D21D1072D00F22ABD /* Build configuration list for PBXNativeTarget "hncloudUITests" */ = {
			isa = XCConfigurationList;
			buildConfigurations = (
				9D6E273E21D1072D00F22ABD /* Debug */,
				9D6E273F21D1072D00F22ABD /* Release */,
			);
			defaultConfigurationIsVisible = 0;
			defaultConfigurationName = Release;
		};
/* End XCConfigurationList section */
	};
	rootObject = 9D6E270721D1072B00F22ABD /* Project object */;
}
